// !$*UTF8*$!
{
	archiveVersion = 1;
	classes = {
	};
	objectVersion = 56;
	objects = {

/* Begin PBXBuildFile section */
		5208F47229C43D6900A754F1 /* LoginViewModel.swift in Sources */ = {isa = PBXBuildFile; fileRef = 5208F47129C43D6900A754F1 /* LoginViewModel.swift */; };
		5208F47429C477D600A754F1 /* HTMLutils.swift in Sources */ = {isa = PBXBuildFile; fileRef = 5208F47329C477D600A754F1 /* HTMLutils.swift */; };
		5214923429B4370000A7522B /* ScheduleViewController.swift in Sources */ = {isa = PBXBuildFile; fileRef = 5214923229B4370000A7522B /* ScheduleViewController.swift */; };
		52373E9E29B795CB00AA4383 /* UIColor.swift in Sources */ = {isa = PBXBuildFile; fileRef = 52373E9D29B795CB00AA4383 /* UIColor.swift */; };
		52373EA029B79CA700AA4383 /* CustomButton.swift in Sources */ = {isa = PBXBuildFile; fileRef = 52373E9F29B79CA700AA4383 /* CustomButton.swift */; };
		5246822829BB67EA00124A6A /* UICollectionViewCell.swift in Sources */ = {isa = PBXBuildFile; fileRef = 5246822729BB67EA00124A6A /* UICollectionViewCell.swift */; };
		52486F9929C15AAB004FB208 /* Constant.swift in Sources */ = {isa = PBXBuildFile; fileRef = 52486F9829C15AAB004FB208 /* Constant.swift */; };
		52486F9B29C1681E004FB208 /* RemoteAuthencation.swift in Sources */ = {isa = PBXBuildFile; fileRef = 52486F9A29C1681E004FB208 /* RemoteAuthencation.swift */; };
		524D634C29D70D8100F32C5E /* WeekInfoCell.swift in Sources */ = {isa = PBXBuildFile; fileRef = 524D634B29D70D8100F32C5E /* WeekInfoCell.swift */; };
		525A2D6029BFDED300C9887B /* PolicyViewController.swift in Sources */ = {isa = PBXBuildFile; fileRef = 525A2D5E29BFDED300C9887B /* PolicyViewController.swift */; };
		525A2D6129BFDED300C9887B /* PolicyViewController.xib in Resources */ = {isa = PBXBuildFile; fileRef = 525A2D5F29BFDED300C9887B /* PolicyViewController.xib */; };
		5264423429BE9CE90099F48E /* ProfileViewModel.swift in Sources */ = {isa = PBXBuildFile; fileRef = 5264423329BE9CE90099F48E /* ProfileViewModel.swift */; };
		526ECB6829C21447006D9B3D /* NetworkAssistant.swift in Sources */ = {isa = PBXBuildFile; fileRef = 526ECB6729C21447006D9B3D /* NetworkAssistant.swift */; };
		52844B2229D21154005849A7 /* UpdateDateFooterView.swift in Sources */ = {isa = PBXBuildFile; fileRef = 52844B2029D21154005849A7 /* UpdateDateFooterView.swift */; };
		52844B2329D21154005849A7 /* UpdateDateFooterView.xib in Resources */ = {isa = PBXBuildFile; fileRef = 52844B2129D21154005849A7 /* UpdateDateFooterView.xib */; };
		528530D529D2DFED004DBDC2 /* Decodable.swift in Sources */ = {isa = PBXBuildFile; fileRef = 528530D429D2DFED004DBDC2 /* Decodable.swift */; };
		5287970929C0633E000BA20F /* DetailSubjectViewController.swift in Sources */ = {isa = PBXBuildFile; fileRef = 5287970729C0633E000BA20F /* DetailSubjectViewController.swift */; };
		5287970A29C0633E000BA20F /* DetailSubjectViewController.xib in Resources */ = {isa = PBXBuildFile; fileRef = 5287970829C0633E000BA20F /* DetailSubjectViewController.xib */; };
		5287970C29C065F5000BA20F /* DetailSubjectViewModel.swift in Sources */ = {isa = PBXBuildFile; fileRef = 5287970B29C065F5000BA20F /* DetailSubjectViewModel.swift */; };
		528958A129AA036B0049EE07 /* SubjectScheduleCell.xib in Resources */ = {isa = PBXBuildFile; fileRef = 5289589F29AA036B0049EE07 /* SubjectScheduleCell.xib */; };
		528958A229AA036B0049EE07 /* SubjectScheduleCell.swift in Sources */ = {isa = PBXBuildFile; fileRef = 528958A029AA036B0049EE07 /* SubjectScheduleCell.swift */; };
		528958A829AA094E0049EE07 /* TestScheduleBottomView.swift in Sources */ = {isa = PBXBuildFile; fileRef = 528958A729AA094E0049EE07 /* TestScheduleBottomView.swift */; };
		528958AA29AA0A090049EE07 /* TestScheduleBottomView.xib in Resources */ = {isa = PBXBuildFile; fileRef = 528958A929AA0A090049EE07 /* TestScheduleBottomView.xib */; };
		528958B029AA14160049EE07 /* ScoreBottomView.xib in Resources */ = {isa = PBXBuildFile; fileRef = 528958AE29AA14160049EE07 /* ScoreBottomView.xib */; };
		528958B129AA14160049EE07 /* ScoreBottomView.swift in Sources */ = {isa = PBXBuildFile; fileRef = 528958AF29AA14160049EE07 /* ScoreBottomView.swift */; };
		528C256F29D7EA8900EAFFD4 /* Data.swift in Sources */ = {isa = PBXBuildFile; fileRef = 528C256E29D7EA8900EAFFD4 /* Data.swift */; };
		528C257129D7F32400EAFFD4 /* RemoteProfile.swift in Sources */ = {isa = PBXBuildFile; fileRef = 528C257029D7F32400EAFFD4 /* RemoteProfile.swift */; };
		528C257329D7F44F00EAFFD4 /* ProfileRemoteData.swift in Sources */ = {isa = PBXBuildFile; fileRef = 528C257229D7F44F00EAFFD4 /* ProfileRemoteData.swift */; };
		528FF61229A9E13E00C25137 /* AppDelegate.swift in Sources */ = {isa = PBXBuildFile; fileRef = 528FF61129A9E13E00C25137 /* AppDelegate.swift */; };
		528FF61B29A9E13F00C25137 /* Assets.xcassets in Resources */ = {isa = PBXBuildFile; fileRef = 528FF61A29A9E13F00C25137 /* Assets.xcassets */; };
		528FF61E29A9E13F00C25137 /* LaunchScreen.storyboard in Resources */ = {isa = PBXBuildFile; fileRef = 528FF61C29A9E13F00C25137 /* LaunchScreen.storyboard */; };
		528FF62929A9E13F00C25137 /* MybkMobileTests.swift in Sources */ = {isa = PBXBuildFile; fileRef = 528FF62829A9E13F00C25137 /* MybkMobileTests.swift */; };
		528FF63329A9E14000C25137 /* MybkMobileUITests.swift in Sources */ = {isa = PBXBuildFile; fileRef = 528FF63229A9E14000C25137 /* MybkMobileUITests.swift */; };
		528FF63529A9E14000C25137 /* MybkMobileUITestsLaunchTests.swift in Sources */ = {isa = PBXBuildFile; fileRef = 528FF63429A9E14000C25137 /* MybkMobileUITestsLaunchTests.swift */; };
		528FF65129A9EC7C00C25137 /* BottomBarItem.xib in Resources */ = {isa = PBXBuildFile; fileRef = 528FF65029A9EC7C00C25137 /* BottomBarItem.xib */; };
		528FF65329A9EF8B00C25137 /* BottomBarItem.swift in Sources */ = {isa = PBXBuildFile; fileRef = 528FF65229A9EF8B00C25137 /* BottomBarItem.swift */; };
		528FF65729A9F11F00C25137 /* Constrain.swift in Sources */ = {isa = PBXBuildFile; fileRef = 528FF65629A9F11F00C25137 /* Constrain.swift */; };
		529CA78029D600F8002C3ED4 /* GradeFooterViewModel.swift in Sources */ = {isa = PBXBuildFile; fileRef = 529CA77F29D600F8002C3ED4 /* GradeFooterViewModel.swift */; };
		52A04DF029D1A43800194772 /* WeekViewCell.swift in Sources */ = {isa = PBXBuildFile; fileRef = 52A04DEE29D1A43800194772 /* WeekViewCell.swift */; };
		52A04DF129D1A43800194772 /* WeekViewCell.xib in Resources */ = {isa = PBXBuildFile; fileRef = 52A04DEF29D1A43800194772 /* WeekViewCell.xib */; };
		52A0D00529B46405003B8952 /* MainTabBarController.storyboard in Resources */ = {isa = PBXBuildFile; fileRef = 52A0D00429B46405003B8952 /* MainTabBarController.storyboard */; };
		52A0D00729B46470003B8952 /* ExamViewController.swift in Sources */ = {isa = PBXBuildFile; fileRef = 52A0D00629B46470003B8952 /* ExamViewController.swift */; };
		52A0D00929B46C60003B8952 /* TranscriptViewController.swift in Sources */ = {isa = PBXBuildFile; fileRef = 52A0D00829B46C60003B8952 /* TranscriptViewController.swift */; };
		52A0D00B29B47002003B8952 /* ProfileViewController.swift in Sources */ = {isa = PBXBuildFile; fileRef = 52A0D00A29B47002003B8952 /* ProfileViewController.swift */; };
		52A0D00D29B48E5C003B8952 /* MainTabBarController.swift in Sources */ = {isa = PBXBuildFile; fileRef = 52A0D00C29B48E5C003B8952 /* MainTabBarController.swift */; };
		52A47E8929CDF08F00CD07D1 /* GradeRemoteData.swift in Sources */ = {isa = PBXBuildFile; fileRef = 52A47E8829CDF08F00CD07D1 /* GradeRemoteData.swift */; };
		52A47E8B29CDF14700CD07D1 /* ScheduleLocalData.swift in Sources */ = {isa = PBXBuildFile; fileRef = 52A47E8A29CDF14700CD07D1 /* ScheduleLocalData.swift */; };
		52A47E8D29CDF25800CD07D1 /* ScheduleRemoteData.swift in Sources */ = {isa = PBXBuildFile; fileRef = 52A47E8C29CDF25800CD07D1 /* ScheduleRemoteData.swift */; };
		52A47E9129CDF51C00CD07D1 /* ExamRemoteData.swift in Sources */ = {isa = PBXBuildFile; fileRef = 52A47E9029CDF51C00CD07D1 /* ExamRemoteData.swift */; };
		52A47E9529CE75EB00CD07D1 /* RemoteExam.swift in Sources */ = {isa = PBXBuildFile; fileRef = 52A47E9429CE75EB00CD07D1 /* RemoteExam.swift */; };
		52A47E9729CE765600CD07D1 /* RemoteGrade.swift in Sources */ = {isa = PBXBuildFile; fileRef = 52A47E9629CE765600CD07D1 /* RemoteGrade.swift */; };
		52A47E9929CE766900CD07D1 /* RemoteSchedule.swift in Sources */ = {isa = PBXBuildFile; fileRef = 52A47E9829CE766900CD07D1 /* RemoteSchedule.swift */; };
		52BA48D129BCB283006C6CA5 /* TranscriptViewModel.swift in Sources */ = {isa = PBXBuildFile; fileRef = 52BA48D029BCB283006C6CA5 /* TranscriptViewModel.swift */; };
		52BA48D329BCB455006C6CA5 /* GradeHeaderViewModel.swift in Sources */ = {isa = PBXBuildFile; fileRef = 52BA48D229BCB455006C6CA5 /* GradeHeaderViewModel.swift */; };
		52BA48D729BD5DF9006C6CA5 /* TranscriptCollectionViewHeaderCell.swift in Sources */ = {isa = PBXBuildFile; fileRef = 52BA48D529BD5DF9006C6CA5 /* TranscriptCollectionViewHeaderCell.swift */; };
		52BA48DE29BD6302006C6CA5 /* InfoDetailCell.swift in Sources */ = {isa = PBXBuildFile; fileRef = 52BA48DC29BD6302006C6CA5 /* InfoDetailCell.swift */; };
		52BA48DF29BD6302006C6CA5 /* InfoDetailCell.xib in Resources */ = {isa = PBXBuildFile; fileRef = 52BA48DD29BD6302006C6CA5 /* InfoDetailCell.xib */; };
		52BA48E129BD8236006C6CA5 /* UITableView.swift in Sources */ = {isa = PBXBuildFile; fileRef = 52BA48E029BD8236006C6CA5 /* UITableView.swift */; };
		52BA48E429BDC5FE006C6CA5 /* SpecialScoreViewCell.swift in Sources */ = {isa = PBXBuildFile; fileRef = 52BA48E229BDC5FE006C6CA5 /* SpecialScoreViewCell.swift */; };
		52BA48E529BDC5FE006C6CA5 /* SpecialScoreViewCell.xib in Resources */ = {isa = PBXBuildFile; fileRef = 52BA48E329BDC5FE006C6CA5 /* SpecialScoreViewCell.xib */; };
		52BA48E729BDC719006C6CA5 /* TranscriptCollectionViewFooterCell.swift in Sources */ = {isa = PBXBuildFile; fileRef = 52BA48E629BDC719006C6CA5 /* TranscriptCollectionViewFooterCell.swift */; };
		52C9A25B29AA19B700F2B8C1 /* LearnScheduleBottomView.xib in Resources */ = {isa = PBXBuildFile; fileRef = 52C9A25A29AA19B700F2B8C1 /* LearnScheduleBottomView.xib */; };
		52C9A25D29AA3DA700F2B8C1 /* LearnScheduleBottomView.swift in Sources */ = {isa = PBXBuildFile; fileRef = 52C9A25C29AA3DA700F2B8C1 /* LearnScheduleBottomView.swift */; };
		52C9A25F29AA434D00F2B8C1 /* UIView.swift in Sources */ = {isa = PBXBuildFile; fileRef = 52C9A25E29AA434D00F2B8C1 /* UIView.swift */; };
		52C9A26129AA43D600F2B8C1 /* UICollectionView.swift in Sources */ = {isa = PBXBuildFile; fileRef = 52C9A26029AA43D600F2B8C1 /* UICollectionView.swift */; };
		52C9A26E29AA561000F2B8C1 /* CustomToggle.swift in Sources */ = {isa = PBXBuildFile; fileRef = 52C9A26D29AA561000F2B8C1 /* CustomToggle.swift */; };
		52C9A27029AA567300F2B8C1 /* CustomThumbView.swift in Sources */ = {isa = PBXBuildFile; fileRef = 52C9A26F29AA567300F2B8C1 /* CustomThumbView.swift */; };
		52CD462A29CFF53F00410F8C /* BioMetricAuthencation.swift in Sources */ = {isa = PBXBuildFile; fileRef = 52CD462929CFF53F00410F8C /* BioMetricAuthencation.swift */; };
		52ED1AA629B3B55800DC1429 /* SceneDelegate.swift in Sources */ = {isa = PBXBuildFile; fileRef = 52ED1AA529B3B55800DC1429 /* SceneDelegate.swift */; };
		52ED1AAB29B3B6B800DC1429 /* LoginViewController.swift in Sources */ = {isa = PBXBuildFile; fileRef = 52ED1AA929B3B6B800DC1429 /* LoginViewController.swift */; };
		52ED1AAC29B3B6B800DC1429 /* LoginViewController.xib in Resources */ = {isa = PBXBuildFile; fileRef = 52ED1AAA29B3B6B800DC1429 /* LoginViewController.xib */; };
		52ED1AAE29B3B6ED00DC1429 /* UIViewController.swift in Sources */ = {isa = PBXBuildFile; fileRef = 52ED1AAD29B3B6ED00DC1429 /* UIViewController.swift */; };
		52F064EE29BA29B500D07D72 /* ScheduleViewModel.swift in Sources */ = {isa = PBXBuildFile; fileRef = 52F064ED29BA29B500D07D72 /* ScheduleViewModel.swift */; };
		52F1B46B29BBFD470003178D /* ExamViewViewModel.swift in Sources */ = {isa = PBXBuildFile; fileRef = 52F1B46A29BBFD470003178D /* ExamViewViewModel.swift */; };
		52FAA94929CCAD8700228ACC /* Storaged.xcdatamodeld in Sources */ = {isa = PBXBuildFile; fileRef = 52FAA94729CCAD8700228ACC /* Storaged.xcdatamodeld */; };
		5DF5BD7634AD8E745E862F34 /* Pods_MybkMobileTests.framework in Frameworks */ = {isa = PBXBuildFile; fileRef = 5C6C01F0768372E7B50A67FC /* Pods_MybkMobileTests.framework */; };
		CA15242B7EB444CB53E44562 /* Pods_MybkMobile.framework in Frameworks */ = {isa = PBXBuildFile; fileRef = AA51BFDC10F73C0CE4F58E58 /* Pods_MybkMobile.framework */; };
		F0C344E22D0A423B6A126EDE /* Pods_MybkMobile_MybkMobileUITests.framework in Frameworks */ = {isa = PBXBuildFile; fileRef = 832C92A93C35177F4D677D13 /* Pods_MybkMobile_MybkMobileUITests.framework */; };
/* End PBXBuildFile section */

/* Begin PBXContainerItemProxy section */
		528FF62529A9E13F00C25137 /* PBXContainerItemProxy */ = {
			isa = PBXContainerItemProxy;
			containerPortal = 528FF60629A9E13E00C25137 /* Project object */;
			proxyType = 1;
			remoteGlobalIDString = 528FF60D29A9E13E00C25137;
			remoteInfo = MybkMobile;
		};
		528FF62F29A9E14000C25137 /* PBXContainerItemProxy */ = {
			isa = PBXContainerItemProxy;
			containerPortal = 528FF60629A9E13E00C25137 /* Project object */;
			proxyType = 1;
			remoteGlobalIDString = 528FF60D29A9E13E00C25137;
			remoteInfo = MybkMobile;
		};
/* End PBXContainerItemProxy section */

/* Begin PBXFileReference section */
		1E3E96EB34776CABB91E6A20 /* Pods-MybkMobileTests.release.xcconfig */ = {isa = PBXFileReference; includeInIndex = 1; lastKnownFileType = text.xcconfig; name = "Pods-MybkMobileTests.release.xcconfig"; path = "Target Support Files/Pods-MybkMobileTests/Pods-MybkMobileTests.release.xcconfig"; sourceTree = "<group>"; };
		31D63A0A6D89228163808344 /* Pods-MybkMobile.release.xcconfig */ = {isa = PBXFileReference; includeInIndex = 1; lastKnownFileType = text.xcconfig; name = "Pods-MybkMobile.release.xcconfig"; path = "Target Support Files/Pods-MybkMobile/Pods-MybkMobile.release.xcconfig"; sourceTree = "<group>"; };
		47CFEFA3FFB4769F0AD4A206 /* Pods-MybkMobileTests.debug.xcconfig */ = {isa = PBXFileReference; includeInIndex = 1; lastKnownFileType = text.xcconfig; name = "Pods-MybkMobileTests.debug.xcconfig"; path = "Target Support Files/Pods-MybkMobileTests/Pods-MybkMobileTests.debug.xcconfig"; sourceTree = "<group>"; };
		5208F47129C43D6900A754F1 /* LoginViewModel.swift */ = {isa = PBXFileReference; lastKnownFileType = sourcecode.swift; path = LoginViewModel.swift; sourceTree = "<group>"; };
		5208F47329C477D600A754F1 /* HTMLutils.swift */ = {isa = PBXFileReference; lastKnownFileType = sourcecode.swift; path = HTMLutils.swift; sourceTree = "<group>"; };
		5214923229B4370000A7522B /* ScheduleViewController.swift */ = {isa = PBXFileReference; lastKnownFileType = sourcecode.swift; path = ScheduleViewController.swift; sourceTree = "<group>"; };
		52373E9D29B795CB00AA4383 /* UIColor.swift */ = {isa = PBXFileReference; lastKnownFileType = sourcecode.swift; path = UIColor.swift; sourceTree = "<group>"; };
		52373E9F29B79CA700AA4383 /* CustomButton.swift */ = {isa = PBXFileReference; lastKnownFileType = sourcecode.swift; path = CustomButton.swift; sourceTree = "<group>"; };
		5246822729BB67EA00124A6A /* UICollectionViewCell.swift */ = {isa = PBXFileReference; lastKnownFileType = sourcecode.swift; path = UICollectionViewCell.swift; sourceTree = "<group>"; };
		52486F9829C15AAB004FB208 /* Constant.swift */ = {isa = PBXFileReference; lastKnownFileType = sourcecode.swift; path = Constant.swift; sourceTree = "<group>"; };
		52486F9A29C1681E004FB208 /* RemoteAuthencation.swift */ = {isa = PBXFileReference; lastKnownFileType = sourcecode.swift; path = RemoteAuthencation.swift; sourceTree = "<group>"; };
		524D634B29D70D8100F32C5E /* WeekInfoCell.swift */ = {isa = PBXFileReference; lastKnownFileType = sourcecode.swift; path = WeekInfoCell.swift; sourceTree = "<group>"; };
		525A2D5E29BFDED300C9887B /* PolicyViewController.swift */ = {isa = PBXFileReference; lastKnownFileType = sourcecode.swift; path = PolicyViewController.swift; sourceTree = "<group>"; };
		525A2D5F29BFDED300C9887B /* PolicyViewController.xib */ = {isa = PBXFileReference; lastKnownFileType = file.xib; path = PolicyViewController.xib; sourceTree = "<group>"; };
		5264423329BE9CE90099F48E /* ProfileViewModel.swift */ = {isa = PBXFileReference; lastKnownFileType = sourcecode.swift; path = ProfileViewModel.swift; sourceTree = "<group>"; };
		526ECB6729C21447006D9B3D /* NetworkAssistant.swift */ = {isa = PBXFileReference; lastKnownFileType = sourcecode.swift; path = NetworkAssistant.swift; sourceTree = "<group>"; };
		52844B2029D21154005849A7 /* UpdateDateFooterView.swift */ = {isa = PBXFileReference; lastKnownFileType = sourcecode.swift; path = UpdateDateFooterView.swift; sourceTree = "<group>"; };
		52844B2129D21154005849A7 /* UpdateDateFooterView.xib */ = {isa = PBXFileReference; lastKnownFileType = file.xib; path = UpdateDateFooterView.xib; sourceTree = "<group>"; };
		528530D429D2DFED004DBDC2 /* Decodable.swift */ = {isa = PBXFileReference; lastKnownFileType = sourcecode.swift; path = Decodable.swift; sourceTree = "<group>"; };
		5287970729C0633E000BA20F /* DetailSubjectViewController.swift */ = {isa = PBXFileReference; lastKnownFileType = sourcecode.swift; path = DetailSubjectViewController.swift; sourceTree = "<group>"; };
		5287970829C0633E000BA20F /* DetailSubjectViewController.xib */ = {isa = PBXFileReference; lastKnownFileType = file.xib; path = DetailSubjectViewController.xib; sourceTree = "<group>"; };
		5287970B29C065F5000BA20F /* DetailSubjectViewModel.swift */ = {isa = PBXFileReference; lastKnownFileType = sourcecode.swift; path = DetailSubjectViewModel.swift; sourceTree = "<group>"; };
		5289589F29AA036B0049EE07 /* SubjectScheduleCell.xib */ = {isa = PBXFileReference; fileEncoding = 4; lastKnownFileType = file.xib; path = SubjectScheduleCell.xib; sourceTree = "<group>"; };
		528958A029AA036B0049EE07 /* SubjectScheduleCell.swift */ = {isa = PBXFileReference; fileEncoding = 4; lastKnownFileType = sourcecode.swift; path = SubjectScheduleCell.swift; sourceTree = "<group>"; };
		528958A729AA094E0049EE07 /* TestScheduleBottomView.swift */ = {isa = PBXFileReference; lastKnownFileType = sourcecode.swift; path = TestScheduleBottomView.swift; sourceTree = "<group>"; };
		528958A929AA0A090049EE07 /* TestScheduleBottomView.xib */ = {isa = PBXFileReference; lastKnownFileType = file.xib; path = TestScheduleBottomView.xib; sourceTree = "<group>"; };
		528958AE29AA14160049EE07 /* ScoreBottomView.xib */ = {isa = PBXFileReference; fileEncoding = 4; lastKnownFileType = file.xib; path = ScoreBottomView.xib; sourceTree = "<group>"; };
		528958AF29AA14160049EE07 /* ScoreBottomView.swift */ = {isa = PBXFileReference; fileEncoding = 4; lastKnownFileType = sourcecode.swift; path = ScoreBottomView.swift; sourceTree = "<group>"; };
		528C256E29D7EA8900EAFFD4 /* Data.swift */ = {isa = PBXFileReference; lastKnownFileType = sourcecode.swift; path = Data.swift; sourceTree = "<group>"; };
		528C257029D7F32400EAFFD4 /* RemoteProfile.swift */ = {isa = PBXFileReference; lastKnownFileType = sourcecode.swift; path = RemoteProfile.swift; sourceTree = "<group>"; };
		528C257229D7F44F00EAFFD4 /* ProfileRemoteData.swift */ = {isa = PBXFileReference; lastKnownFileType = sourcecode.swift; path = ProfileRemoteData.swift; sourceTree = "<group>"; };
		528FF60E29A9E13E00C25137 /* MybkMobile.app */ = {isa = PBXFileReference; explicitFileType = wrapper.application; includeInIndex = 0; path = MybkMobile.app; sourceTree = BUILT_PRODUCTS_DIR; };
		528FF61129A9E13E00C25137 /* AppDelegate.swift */ = {isa = PBXFileReference; lastKnownFileType = sourcecode.swift; path = AppDelegate.swift; sourceTree = "<group>"; };
		528FF61A29A9E13F00C25137 /* Assets.xcassets */ = {isa = PBXFileReference; lastKnownFileType = folder.assetcatalog; path = Assets.xcassets; sourceTree = "<group>"; };
		528FF61D29A9E13F00C25137 /* Base */ = {isa = PBXFileReference; lastKnownFileType = file.storyboard; name = Base; path = Base.lproj/LaunchScreen.storyboard; sourceTree = "<group>"; };
		528FF61F29A9E13F00C25137 /* Info.plist */ = {isa = PBXFileReference; lastKnownFileType = text.plist.xml; path = Info.plist; sourceTree = "<group>"; };
		528FF62429A9E13F00C25137 /* MybkMobileTests.xctest */ = {isa = PBXFileReference; explicitFileType = wrapper.cfbundle; includeInIndex = 0; path = MybkMobileTests.xctest; sourceTree = BUILT_PRODUCTS_DIR; };
		528FF62829A9E13F00C25137 /* MybkMobileTests.swift */ = {isa = PBXFileReference; lastKnownFileType = sourcecode.swift; path = MybkMobileTests.swift; sourceTree = "<group>"; };
		528FF62E29A9E14000C25137 /* MybkMobileUITests.xctest */ = {isa = PBXFileReference; explicitFileType = wrapper.cfbundle; includeInIndex = 0; path = MybkMobileUITests.xctest; sourceTree = BUILT_PRODUCTS_DIR; };
		528FF63229A9E14000C25137 /* MybkMobileUITests.swift */ = {isa = PBXFileReference; lastKnownFileType = sourcecode.swift; path = MybkMobileUITests.swift; sourceTree = "<group>"; };
		528FF63429A9E14000C25137 /* MybkMobileUITestsLaunchTests.swift */ = {isa = PBXFileReference; lastKnownFileType = sourcecode.swift; path = MybkMobileUITestsLaunchTests.swift; sourceTree = "<group>"; };
		528FF65029A9EC7C00C25137 /* BottomBarItem.xib */ = {isa = PBXFileReference; lastKnownFileType = file.xib; path = BottomBarItem.xib; sourceTree = "<group>"; };
		528FF65229A9EF8B00C25137 /* BottomBarItem.swift */ = {isa = PBXFileReference; lastKnownFileType = sourcecode.swift; path = BottomBarItem.swift; sourceTree = "<group>"; };
		528FF65629A9F11F00C25137 /* Constrain.swift */ = {isa = PBXFileReference; lastKnownFileType = sourcecode.swift; path = Constrain.swift; sourceTree = "<group>"; };
		529CA77F29D600F8002C3ED4 /* GradeFooterViewModel.swift */ = {isa = PBXFileReference; lastKnownFileType = sourcecode.swift; path = GradeFooterViewModel.swift; sourceTree = "<group>"; };
		52A04DEE29D1A43800194772 /* WeekViewCell.swift */ = {isa = PBXFileReference; lastKnownFileType = sourcecode.swift; path = WeekViewCell.swift; sourceTree = "<group>"; };
		52A04DEF29D1A43800194772 /* WeekViewCell.xib */ = {isa = PBXFileReference; lastKnownFileType = file.xib; path = WeekViewCell.xib; sourceTree = "<group>"; };
		52A0D00429B46405003B8952 /* MainTabBarController.storyboard */ = {isa = PBXFileReference; fileEncoding = 4; lastKnownFileType = file.storyboard; path = MainTabBarController.storyboard; sourceTree = "<group>"; };
		52A0D00629B46470003B8952 /* ExamViewController.swift */ = {isa = PBXFileReference; lastKnownFileType = sourcecode.swift; path = ExamViewController.swift; sourceTree = "<group>"; };
		52A0D00829B46C60003B8952 /* TranscriptViewController.swift */ = {isa = PBXFileReference; lastKnownFileType = sourcecode.swift; path = TranscriptViewController.swift; sourceTree = "<group>"; };
		52A0D00A29B47002003B8952 /* ProfileViewController.swift */ = {isa = PBXFileReference; lastKnownFileType = sourcecode.swift; path = ProfileViewController.swift; sourceTree = "<group>"; };
		52A0D00C29B48E5C003B8952 /* MainTabBarController.swift */ = {isa = PBXFileReference; lastKnownFileType = sourcecode.swift; path = MainTabBarController.swift; sourceTree = "<group>"; };
		52A47E8829CDF08F00CD07D1 /* GradeRemoteData.swift */ = {isa = PBXFileReference; lastKnownFileType = sourcecode.swift; path = GradeRemoteData.swift; sourceTree = "<group>"; };
		52A47E8A29CDF14700CD07D1 /* ScheduleLocalData.swift */ = {isa = PBXFileReference; lastKnownFileType = sourcecode.swift; path = ScheduleLocalData.swift; sourceTree = "<group>"; };
		52A47E8C29CDF25800CD07D1 /* ScheduleRemoteData.swift */ = {isa = PBXFileReference; lastKnownFileType = sourcecode.swift; path = ScheduleRemoteData.swift; sourceTree = "<group>"; };
		52A47E9029CDF51C00CD07D1 /* ExamRemoteData.swift */ = {isa = PBXFileReference; lastKnownFileType = sourcecode.swift; path = ExamRemoteData.swift; sourceTree = "<group>"; };
		52A47E9429CE75EB00CD07D1 /* RemoteExam.swift */ = {isa = PBXFileReference; lastKnownFileType = sourcecode.swift; path = RemoteExam.swift; sourceTree = "<group>"; };
		52A47E9629CE765600CD07D1 /* RemoteGrade.swift */ = {isa = PBXFileReference; lastKnownFileType = sourcecode.swift; path = RemoteGrade.swift; sourceTree = "<group>"; };
		52A47E9829CE766900CD07D1 /* RemoteSchedule.swift */ = {isa = PBXFileReference; lastKnownFileType = sourcecode.swift; path = RemoteSchedule.swift; sourceTree = "<group>"; };
		52BA48D029BCB283006C6CA5 /* TranscriptViewModel.swift */ = {isa = PBXFileReference; lastKnownFileType = sourcecode.swift; path = TranscriptViewModel.swift; sourceTree = "<group>"; };
		52BA48D229BCB455006C6CA5 /* GradeHeaderViewModel.swift */ = {isa = PBXFileReference; lastKnownFileType = sourcecode.swift; path = GradeHeaderViewModel.swift; sourceTree = "<group>"; };
		52BA48D529BD5DF9006C6CA5 /* TranscriptCollectionViewHeaderCell.swift */ = {isa = PBXFileReference; lastKnownFileType = sourcecode.swift; path = TranscriptCollectionViewHeaderCell.swift; sourceTree = "<group>"; };
		52BA48DC29BD6302006C6CA5 /* InfoDetailCell.swift */ = {isa = PBXFileReference; lastKnownFileType = sourcecode.swift; path = InfoDetailCell.swift; sourceTree = "<group>"; };
		52BA48DD29BD6302006C6CA5 /* InfoDetailCell.xib */ = {isa = PBXFileReference; lastKnownFileType = file.xib; path = InfoDetailCell.xib; sourceTree = "<group>"; };
		52BA48E029BD8236006C6CA5 /* UITableView.swift */ = {isa = PBXFileReference; lastKnownFileType = sourcecode.swift; path = UITableView.swift; sourceTree = "<group>"; };
		52BA48E229BDC5FE006C6CA5 /* SpecialScoreViewCell.swift */ = {isa = PBXFileReference; lastKnownFileType = sourcecode.swift; path = SpecialScoreViewCell.swift; sourceTree = "<group>"; };
		52BA48E329BDC5FE006C6CA5 /* SpecialScoreViewCell.xib */ = {isa = PBXFileReference; lastKnownFileType = file.xib; path = SpecialScoreViewCell.xib; sourceTree = "<group>"; };
		52BA48E629BDC719006C6CA5 /* TranscriptCollectionViewFooterCell.swift */ = {isa = PBXFileReference; lastKnownFileType = sourcecode.swift; path = TranscriptCollectionViewFooterCell.swift; sourceTree = "<group>"; };
		52C9A25A29AA19B700F2B8C1 /* LearnScheduleBottomView.xib */ = {isa = PBXFileReference; lastKnownFileType = file.xib; path = LearnScheduleBottomView.xib; sourceTree = "<group>"; };
		52C9A25C29AA3DA700F2B8C1 /* LearnScheduleBottomView.swift */ = {isa = PBXFileReference; lastKnownFileType = sourcecode.swift; path = LearnScheduleBottomView.swift; sourceTree = "<group>"; };
		52C9A25E29AA434D00F2B8C1 /* UIView.swift */ = {isa = PBXFileReference; lastKnownFileType = sourcecode.swift; path = UIView.swift; sourceTree = "<group>"; };
		52C9A26029AA43D600F2B8C1 /* UICollectionView.swift */ = {isa = PBXFileReference; lastKnownFileType = sourcecode.swift; path = UICollectionView.swift; sourceTree = "<group>"; };
		52C9A26D29AA561000F2B8C1 /* CustomToggle.swift */ = {isa = PBXFileReference; lastKnownFileType = sourcecode.swift; path = CustomToggle.swift; sourceTree = "<group>"; };
		52C9A26F29AA567300F2B8C1 /* CustomThumbView.swift */ = {isa = PBXFileReference; lastKnownFileType = sourcecode.swift; path = CustomThumbView.swift; sourceTree = "<group>"; };
		52CD462929CFF53F00410F8C /* BioMetricAuthencation.swift */ = {isa = PBXFileReference; lastKnownFileType = sourcecode.swift; path = BioMetricAuthencation.swift; sourceTree = "<group>"; };
		52ED1AA529B3B55800DC1429 /* SceneDelegate.swift */ = {isa = PBXFileReference; fileEncoding = 4; lastKnownFileType = sourcecode.swift; path = SceneDelegate.swift; sourceTree = "<group>"; };
		52ED1AA929B3B6B800DC1429 /* LoginViewController.swift */ = {isa = PBXFileReference; lastKnownFileType = sourcecode.swift; path = LoginViewController.swift; sourceTree = "<group>"; };
		52ED1AAA29B3B6B800DC1429 /* LoginViewController.xib */ = {isa = PBXFileReference; lastKnownFileType = file.xib; path = LoginViewController.xib; sourceTree = "<group>"; };
		52ED1AAD29B3B6ED00DC1429 /* UIViewController.swift */ = {isa = PBXFileReference; lastKnownFileType = sourcecode.swift; path = UIViewController.swift; sourceTree = "<group>"; };
		52F064ED29BA29B500D07D72 /* ScheduleViewModel.swift */ = {isa = PBXFileReference; lastKnownFileType = sourcecode.swift; path = ScheduleViewModel.swift; sourceTree = "<group>"; };
		52F1B46A29BBFD470003178D /* ExamViewViewModel.swift */ = {isa = PBXFileReference; lastKnownFileType = sourcecode.swift; path = ExamViewViewModel.swift; sourceTree = "<group>"; };
		52FAA94829CCAD8700228ACC /* Storaged.xcdatamodel */ = {isa = PBXFileReference; lastKnownFileType = wrapper.xcdatamodel; path = Storaged.xcdatamodel; sourceTree = "<group>"; };
		5C6C01F0768372E7B50A67FC /* Pods_MybkMobileTests.framework */ = {isa = PBXFileReference; explicitFileType = wrapper.framework; includeInIndex = 0; path = Pods_MybkMobileTests.framework; sourceTree = BUILT_PRODUCTS_DIR; };
		60239DFB59761D57A4B0C39F /* Pods-MybkMobile-MybkMobileUITests.debug.xcconfig */ = {isa = PBXFileReference; includeInIndex = 1; lastKnownFileType = text.xcconfig; name = "Pods-MybkMobile-MybkMobileUITests.debug.xcconfig"; path = "Target Support Files/Pods-MybkMobile-MybkMobileUITests/Pods-MybkMobile-MybkMobileUITests.debug.xcconfig"; sourceTree = "<group>"; };
		832C92A93C35177F4D677D13 /* Pods_MybkMobile_MybkMobileUITests.framework */ = {isa = PBXFileReference; explicitFileType = wrapper.framework; includeInIndex = 0; path = Pods_MybkMobile_MybkMobileUITests.framework; sourceTree = BUILT_PRODUCTS_DIR; };
		91C42BD0680E306B794BBB1E /* Pods-MybkMobile.debug.xcconfig */ = {isa = PBXFileReference; includeInIndex = 1; lastKnownFileType = text.xcconfig; name = "Pods-MybkMobile.debug.xcconfig"; path = "Target Support Files/Pods-MybkMobile/Pods-MybkMobile.debug.xcconfig"; sourceTree = "<group>"; };
		AA51BFDC10F73C0CE4F58E58 /* Pods_MybkMobile.framework */ = {isa = PBXFileReference; explicitFileType = wrapper.framework; includeInIndex = 0; path = Pods_MybkMobile.framework; sourceTree = BUILT_PRODUCTS_DIR; };
		F6E9EF6A66CC275EAB8740C7 /* Pods-MybkMobile-MybkMobileUITests.release.xcconfig */ = {isa = PBXFileReference; includeInIndex = 1; lastKnownFileType = text.xcconfig; name = "Pods-MybkMobile-MybkMobileUITests.release.xcconfig"; path = "Target Support Files/Pods-MybkMobile-MybkMobileUITests/Pods-MybkMobile-MybkMobileUITests.release.xcconfig"; sourceTree = "<group>"; };
/* End PBXFileReference section */

/* Begin PBXFrameworksBuildPhase section */
		528FF60B29A9E13E00C25137 /* Frameworks */ = {
			isa = PBXFrameworksBuildPhase;
			buildActionMask = 2147483647;
			files = (
				CA15242B7EB444CB53E44562 /* Pods_MybkMobile.framework in Frameworks */,
			);
			runOnlyForDeploymentPostprocessing = 0;
		};
		528FF62129A9E13F00C25137 /* Frameworks */ = {
			isa = PBXFrameworksBuildPhase;
			buildActionMask = 2147483647;
			files = (
				5DF5BD7634AD8E745E862F34 /* Pods_MybkMobileTests.framework in Frameworks */,
			);
			runOnlyForDeploymentPostprocessing = 0;
		};
		528FF62B29A9E14000C25137 /* Frameworks */ = {
			isa = PBXFrameworksBuildPhase;
			buildActionMask = 2147483647;
			files = (
				F0C344E22D0A423B6A126EDE /* Pods_MybkMobile_MybkMobileUITests.framework in Frameworks */,
			);
			runOnlyForDeploymentPostprocessing = 0;
		};
/* End PBXFrameworksBuildPhase section */

/* Begin PBXGroup section */
		23BEF12F4F47E92B2AE55AC2 /* Pods */ = {
			isa = PBXGroup;
			children = (
				91C42BD0680E306B794BBB1E /* Pods-MybkMobile.debug.xcconfig */,
				31D63A0A6D89228163808344 /* Pods-MybkMobile.release.xcconfig */,
				60239DFB59761D57A4B0C39F /* Pods-MybkMobile-MybkMobileUITests.debug.xcconfig */,
				F6E9EF6A66CC275EAB8740C7 /* Pods-MybkMobile-MybkMobileUITests.release.xcconfig */,
				47CFEFA3FFB4769F0AD4A206 /* Pods-MybkMobileTests.debug.xcconfig */,
				1E3E96EB34776CABB91E6A20 /* Pods-MybkMobileTests.release.xcconfig */,
			);
			path = Pods;
			sourceTree = "<group>";
		};
		524D634A29D70D0800F32C5E /* WeekInfoCell */ = {
			isa = PBXGroup;
			children = (
				524D634B29D70D8100F32C5E /* WeekInfoCell.swift */,
			);
			path = WeekInfoCell;
			sourceTree = "<group>";
		};
		525A2D5D29BFD7B400C9887B /* PolicyViewController */ = {
			isa = PBXGroup;
			children = (
				525A2D5E29BFDED300C9887B /* PolicyViewController.swift */,
				525A2D5F29BFDED300C9887B /* PolicyViewController.xib */,
			);
			path = PolicyViewController;
			sourceTree = "<group>";
		};
		5264423229BE92A70099F48E /* Profile */ = {
			isa = PBXGroup;
			children = (
				52A0D00A29B47002003B8952 /* ProfileViewController.swift */,
				5264423329BE9CE90099F48E /* ProfileViewModel.swift */,
			);
			path = Profile;
			sourceTree = "<group>";
		};
		52844B1A29D20B91005849A7 /* LocalData+Authencation */ = {
			isa = PBXGroup;
			children = (
				52CD462929CFF53F00410F8C /* BioMetricAuthencation.swift */,
				52844B1C29D20BD3005849A7 /* LocalDataObject */,
			);
			path = "LocalData+Authencation";
			sourceTree = "<group>";
		};
		52844B1B29D20BBA005849A7 /* RemoteDataObject */ = {
			isa = PBXGroup;
			children = (
				52A47E8C29CDF25800CD07D1 /* ScheduleRemoteData.swift */,
				52A47E9029CDF51C00CD07D1 /* ExamRemoteData.swift */,
				52A47E8829CDF08F00CD07D1 /* GradeRemoteData.swift */,
				528C257229D7F44F00EAFFD4 /* ProfileRemoteData.swift */,
			);
			path = RemoteDataObject;
			sourceTree = "<group>";
		};
		52844B1C29D20BD3005849A7 /* LocalDataObject */ = {
			isa = PBXGroup;
			children = (
				52A47E8A29CDF14700CD07D1 /* ScheduleLocalData.swift */,
			);
			path = LocalDataObject;
			sourceTree = "<group>";
		};
		52844B1D29D20D6D005849A7 /* UI */ = {
			isa = PBXGroup;
			children = (
				528FF64129A9E14800C25137 /* UIComponents */,
				528FF64229A9E1F100C25137 /* View+ViewModel */,
			);
			path = UI;
			sourceTree = "<group>";
		};
		52844B1E29D20E24005849A7 /* GlobalAssistant */ = {
			isa = PBXGroup;
			children = (
				52486F9829C15AAB004FB208 /* Constant.swift */,
				526ECB6729C21447006D9B3D /* NetworkAssistant.swift */,
			);
			path = GlobalAssistant;
			sourceTree = "<group>";
		};
		52844B1F29D21133005849A7 /* UpdateDateFooter */ = {
			isa = PBXGroup;
			children = (
				52844B2029D21154005849A7 /* UpdateDateFooterView.swift */,
				52844B2129D21154005849A7 /* UpdateDateFooterView.xib */,
			);
			path = UpdateDateFooter;
			sourceTree = "<group>";
		};
		5287970629C06327000BA20F /* DetailSubjectViewController */ = {
			isa = PBXGroup;
			children = (
				5287970729C0633E000BA20F /* DetailSubjectViewController.swift */,
				5287970829C0633E000BA20F /* DetailSubjectViewController.xib */,
				5287970B29C065F5000BA20F /* DetailSubjectViewModel.swift */,
			);
			path = DetailSubjectViewController;
			sourceTree = "<group>";
		};
		5289589E29AA035C0049EE07 /* SubjectCell */ = {
			isa = PBXGroup;
			children = (
				528958A329AA037D0049EE07 /* BottomCellView */,
				528958A029AA036B0049EE07 /* SubjectScheduleCell.swift */,
				5289589F29AA036B0049EE07 /* SubjectScheduleCell.xib */,
			);
			path = SubjectCell;
			sourceTree = "<group>";
		};
		528958A329AA037D0049EE07 /* BottomCellView */ = {
			isa = PBXGroup;
			children = (
				528958A629AA066E0049EE07 /* ScoreBottom */,
				528958A529AA06500049EE07 /* TestScheduleBottom */,
				528958A429AA06450049EE07 /* LearnScheduleBottom */,
			);
			path = BottomCellView;
			sourceTree = "<group>";
		};
		528958A429AA06450049EE07 /* LearnScheduleBottom */ = {
			isa = PBXGroup;
			children = (
				52C9A25A29AA19B700F2B8C1 /* LearnScheduleBottomView.xib */,
				52C9A25C29AA3DA700F2B8C1 /* LearnScheduleBottomView.swift */,
			);
			path = LearnScheduleBottom;
			sourceTree = "<group>";
		};
		528958A529AA06500049EE07 /* TestScheduleBottom */ = {
			isa = PBXGroup;
			children = (
				528958A729AA094E0049EE07 /* TestScheduleBottomView.swift */,
				528958A929AA0A090049EE07 /* TestScheduleBottomView.xib */,
			);
			path = TestScheduleBottom;
			sourceTree = "<group>";
		};
		528958A629AA066E0049EE07 /* ScoreBottom */ = {
			isa = PBXGroup;
			children = (
				528958AF29AA14160049EE07 /* ScoreBottomView.swift */,
				528958AE29AA14160049EE07 /* ScoreBottomView.xib */,
			);
			path = ScoreBottom;
			sourceTree = "<group>";
		};
		528958AC29AA13120049EE07 /* Models */ = {
			isa = PBXGroup;
			children = (
			);
			path = Models;
			sourceTree = "<group>";
		};
		528FF60529A9E13E00C25137 = {
			isa = PBXGroup;
			children = (
				528FF64329A9E20000C25137 /* Helper */,
				52A47E9329CE75C400CD07D1 /* RemoteData+Authencation */,
				52844B1A29D20B91005849A7 /* LocalData+Authencation */,
				528958AC29AA13120049EE07 /* Models */,
				52844B1D29D20D6D005849A7 /* UI */,
				528FF61029A9E13E00C25137 /* MybkMobile */,
				528FF62729A9E13F00C25137 /* MybkMobileTests */,
				528FF63129A9E14000C25137 /* MybkMobileUITests */,
				528FF60F29A9E13E00C25137 /* Products */,
				23BEF12F4F47E92B2AE55AC2 /* Pods */,
				55A6E05240A2401D11D7026F /* Frameworks */,
			);
			sourceTree = "<group>";
		};
		528FF60F29A9E13E00C25137 /* Products */ = {
			isa = PBXGroup;
			children = (
				528FF60E29A9E13E00C25137 /* MybkMobile.app */,
				528FF62429A9E13F00C25137 /* MybkMobileTests.xctest */,
				528FF62E29A9E14000C25137 /* MybkMobileUITests.xctest */,
			);
			name = Products;
			sourceTree = "<group>";
		};
		528FF61029A9E13E00C25137 /* MybkMobile */ = {
			isa = PBXGroup;
			children = (
				528FF61129A9E13E00C25137 /* AppDelegate.swift */,
				52ED1AA529B3B55800DC1429 /* SceneDelegate.swift */,
				528FF61A29A9E13F00C25137 /* Assets.xcassets */,
				528FF61C29A9E13F00C25137 /* LaunchScreen.storyboard */,
				528FF61F29A9E13F00C25137 /* Info.plist */,
				52FAA94729CCAD8700228ACC /* Storaged.xcdatamodeld */,
			);
			path = MybkMobile;
			sourceTree = "<group>";
		};
		528FF62729A9E13F00C25137 /* MybkMobileTests */ = {
			isa = PBXGroup;
			children = (
				528FF62829A9E13F00C25137 /* MybkMobileTests.swift */,
			);
			path = MybkMobileTests;
			sourceTree = "<group>";
		};
		528FF63129A9E14000C25137 /* MybkMobileUITests */ = {
			isa = PBXGroup;
			children = (
				528FF63229A9E14000C25137 /* MybkMobileUITests.swift */,
				528FF63429A9E14000C25137 /* MybkMobileUITestsLaunchTests.swift */,
			);
			path = MybkMobileUITests;
			sourceTree = "<group>";
		};
		528FF64129A9E14800C25137 /* UIComponents */ = {
			isa = PBXGroup;
			children = (
				524D634A29D70D0800F32C5E /* WeekInfoCell */,
				52844B1F29D21133005849A7 /* UpdateDateFooter */,
				52BA48D429BD5DA3006C6CA5 /* TranscriptSupplyCell */,
				52ED1A9829B37E1D00DC1429 /* SpecialScoreCell */,
				5289589E29AA035C0049EE07 /* SubjectCell */,
				528FF64F29A9E58E00C25137 /* BottomBarItem */,
				528FF64929A9E2F400C25137 /* InfoDetailCell */,
			);
			path = UIComponents;
			sourceTree = "<group>";
		};
		528FF64229A9E1F100C25137 /* View+ViewModel */ = {
			isa = PBXGroup;
			children = (
				5287970629C06327000BA20F /* DetailSubjectViewController */,
				525A2D5D29BFD7B400C9887B /* PolicyViewController */,
				52ED1AA829B3B66300DC1429 /* TabViewControllers */,
				52ED1AA729B3B65600DC1429 /* LoginViewController */,
			);
			path = "View+ViewModel";
			sourceTree = "<group>";
		};
		528FF64329A9E20000C25137 /* Helper */ = {
			isa = PBXGroup;
			children = (
				52844B1E29D20E24005849A7 /* GlobalAssistant */,
				528FF64829A9E2BD00C25137 /* SubUIComponent */,
				528FF65529A9F11000C25137 /* Utils */,
			);
			path = Helper;
			sourceTree = "<group>";
		};
		528FF64529A9E27300C25137 /* Toggle */ = {
			isa = PBXGroup;
			children = (
				52C9A26D29AA561000F2B8C1 /* CustomToggle.swift */,
				52C9A26F29AA567300F2B8C1 /* CustomThumbView.swift */,
			);
			path = Toggle;
			sourceTree = "<group>";
		};
		528FF64829A9E2BD00C25137 /* SubUIComponent */ = {
			isa = PBXGroup;
			children = (
				52A04DE929D1A3FE00194772 /* WeekCell */,
				528FF64529A9E27300C25137 /* Toggle */,
			);
			path = SubUIComponent;
			sourceTree = "<group>";
		};
		528FF64929A9E2F400C25137 /* InfoDetailCell */ = {
			isa = PBXGroup;
			children = (
				52BA48DC29BD6302006C6CA5 /* InfoDetailCell.swift */,
				52BA48DD29BD6302006C6CA5 /* InfoDetailCell.xib */,
			);
			path = InfoDetailCell;
			sourceTree = "<group>";
		};
		528FF64F29A9E58E00C25137 /* BottomBarItem */ = {
			isa = PBXGroup;
			children = (
				528FF65029A9EC7C00C25137 /* BottomBarItem.xib */,
				528FF65229A9EF8B00C25137 /* BottomBarItem.swift */,
			);
			path = BottomBarItem;
			sourceTree = "<group>";
		};
		528FF65529A9F11000C25137 /* Utils */ = {
			isa = PBXGroup;
			children = (
				528FF65629A9F11F00C25137 /* Constrain.swift */,
				52C9A25E29AA434D00F2B8C1 /* UIView.swift */,
				52C9A26029AA43D600F2B8C1 /* UICollectionView.swift */,
				52ED1AAD29B3B6ED00DC1429 /* UIViewController.swift */,
				52373E9D29B795CB00AA4383 /* UIColor.swift */,
				52373E9F29B79CA700AA4383 /* CustomButton.swift */,
				5246822729BB67EA00124A6A /* UICollectionViewCell.swift */,
				52BA48E029BD8236006C6CA5 /* UITableView.swift */,
				5208F47329C477D600A754F1 /* HTMLutils.swift */,
				528530D429D2DFED004DBDC2 /* Decodable.swift */,
				528C256E29D7EA8900EAFFD4 /* Data.swift */,
			);
			path = Utils;
			sourceTree = "<group>";
		};
		529A2B2629B953DC004631C5 /* Schedule */ = {
			isa = PBXGroup;
			children = (
				5214923229B4370000A7522B /* ScheduleViewController.swift */,
				52F064ED29BA29B500D07D72 /* ScheduleViewModel.swift */,
			);
			path = Schedule;
			sourceTree = "<group>";
		};
		52A04DE929D1A3FE00194772 /* WeekCell */ = {
			isa = PBXGroup;
			children = (
				52A04DEE29D1A43800194772 /* WeekViewCell.swift */,
				52A04DEF29D1A43800194772 /* WeekViewCell.xib */,
			);
			path = WeekCell;
			sourceTree = "<group>";
		};
		52A47E9229CE759500CD07D1 /* RemoteDataFetcher */ = {
			isa = PBXGroup;
			children = (
				52A47E9829CE766900CD07D1 /* RemoteSchedule.swift */,
				52A47E9429CE75EB00CD07D1 /* RemoteExam.swift */,
				52A47E9629CE765600CD07D1 /* RemoteGrade.swift */,
				528C257029D7F32400EAFFD4 /* RemoteProfile.swift */,
			);
			path = RemoteDataFetcher;
			sourceTree = "<group>";
		};
		52A47E9329CE75C400CD07D1 /* RemoteData+Authencation */ = {
			isa = PBXGroup;
			children = (
				52486F9A29C1681E004FB208 /* RemoteAuthencation.swift */,
				52A47E9229CE759500CD07D1 /* RemoteDataFetcher */,
				52844B1B29D20BBA005849A7 /* RemoteDataObject */,
			);
			path = "RemoteData+Authencation";
			sourceTree = "<group>";
		};
		52BA48CF29BCB26C006C6CA5 /* Transcript */ = {
			isa = PBXGroup;
			children = (
				52A0D00829B46C60003B8952 /* TranscriptViewController.swift */,
				52BA48D029BCB283006C6CA5 /* TranscriptViewModel.swift */,
				52BA48D229BCB455006C6CA5 /* GradeHeaderViewModel.swift */,
				529CA77F29D600F8002C3ED4 /* GradeFooterViewModel.swift */,
			);
			path = Transcript;
			sourceTree = "<group>";
		};
		52BA48D429BD5DA3006C6CA5 /* TranscriptSupplyCell */ = {
			isa = PBXGroup;
			children = (
				52BA48D529BD5DF9006C6CA5 /* TranscriptCollectionViewHeaderCell.swift */,
				52BA48E629BDC719006C6CA5 /* TranscriptCollectionViewFooterCell.swift */,
			);
			path = TranscriptSupplyCell;
			sourceTree = "<group>";
		};
		52ED1A9829B37E1D00DC1429 /* SpecialScoreCell */ = {
			isa = PBXGroup;
			children = (
				52BA48E229BDC5FE006C6CA5 /* SpecialScoreViewCell.swift */,
				52BA48E329BDC5FE006C6CA5 /* SpecialScoreViewCell.xib */,
			);
			path = SpecialScoreCell;
			sourceTree = "<group>";
		};
		52ED1AA729B3B65600DC1429 /* LoginViewController */ = {
			isa = PBXGroup;
			children = (
				52ED1AA929B3B6B800DC1429 /* LoginViewController.swift */,
				52ED1AAA29B3B6B800DC1429 /* LoginViewController.xib */,
				5208F47129C43D6900A754F1 /* LoginViewModel.swift */,
			);
			path = LoginViewController;
			sourceTree = "<group>";
		};
		52ED1AA829B3B66300DC1429 /* TabViewControllers */ = {
			isa = PBXGroup;
			children = (
				5264423229BE92A70099F48E /* Profile */,
				52BA48CF29BCB26C006C6CA5 /* Transcript */,
				52F1B46929BBFD130003178D /* Exam */,
				529A2B2629B953DC004631C5 /* Schedule */,
				52A0D00429B46405003B8952 /* MainTabBarController.storyboard */,
				52A0D00C29B48E5C003B8952 /* MainTabBarController.swift */,
			);
			path = TabViewControllers;
			sourceTree = "<group>";
		};
		52F1B46929BBFD130003178D /* Exam */ = {
			isa = PBXGroup;
			children = (
				52A0D00629B46470003B8952 /* ExamViewController.swift */,
				52F1B46A29BBFD470003178D /* ExamViewViewModel.swift */,
			);
			path = Exam;
			sourceTree = "<group>";
		};
		55A6E05240A2401D11D7026F /* Frameworks */ = {
			isa = PBXGroup;
			children = (
				AA51BFDC10F73C0CE4F58E58 /* Pods_MybkMobile.framework */,
				832C92A93C35177F4D677D13 /* Pods_MybkMobile_MybkMobileUITests.framework */,
				5C6C01F0768372E7B50A67FC /* Pods_MybkMobileTests.framework */,
			);
			name = Frameworks;
			sourceTree = "<group>";
		};
/* End PBXGroup section */

/* Begin PBXNativeTarget section */
		528FF60D29A9E13E00C25137 /* MybkMobile */ = {
			isa = PBXNativeTarget;
			buildConfigurationList = 528FF63829A9E14000C25137 /* Build configuration list for PBXNativeTarget "MybkMobile" */;
			buildPhases = (
				B630C310CA4794A43FD4D058 /* [CP] Check Pods Manifest.lock */,
				528FF60A29A9E13E00C25137 /* Sources */,
				528FF60B29A9E13E00C25137 /* Frameworks */,
				528FF60C29A9E13E00C25137 /* Resources */,
				E308D12F72A38D5CFE579911 /* [CP] Embed Pods Frameworks */,
			);
			buildRules = (
			);
			dependencies = (
			);
			name = MybkMobile;
			productName = MybkMobile;
			productReference = 528FF60E29A9E13E00C25137 /* MybkMobile.app */;
			productType = "com.apple.product-type.application";
		};
		528FF62329A9E13F00C25137 /* MybkMobileTests */ = {
			isa = PBXNativeTarget;
			buildConfigurationList = 528FF63B29A9E14000C25137 /* Build configuration list for PBXNativeTarget "MybkMobileTests" */;
			buildPhases = (
				B78A8FE991EC7CEE951A8033 /* [CP] Check Pods Manifest.lock */,
				528FF62029A9E13F00C25137 /* Sources */,
				528FF62129A9E13F00C25137 /* Frameworks */,
				528FF62229A9E13F00C25137 /* Resources */,
			);
			buildRules = (
			);
			dependencies = (
				528FF62629A9E13F00C25137 /* PBXTargetDependency */,
			);
			name = MybkMobileTests;
			productName = MybkMobileTests;
			productReference = 528FF62429A9E13F00C25137 /* MybkMobileTests.xctest */;
			productType = "com.apple.product-type.bundle.unit-test";
		};
		528FF62D29A9E14000C25137 /* MybkMobileUITests */ = {
			isa = PBXNativeTarget;
			buildConfigurationList = 528FF63E29A9E14000C25137 /* Build configuration list for PBXNativeTarget "MybkMobileUITests" */;
			buildPhases = (
				50686EE71F4CA2AC31AA7139 /* [CP] Check Pods Manifest.lock */,
				528FF62A29A9E14000C25137 /* Sources */,
				528FF62B29A9E14000C25137 /* Frameworks */,
				528FF62C29A9E14000C25137 /* Resources */,
				F3B50EBDD8B70B5518198407 /* [CP] Embed Pods Frameworks */,
			);
			buildRules = (
			);
			dependencies = (
				528FF63029A9E14000C25137 /* PBXTargetDependency */,
			);
			name = MybkMobileUITests;
			productName = MybkMobileUITests;
			productReference = 528FF62E29A9E14000C25137 /* MybkMobileUITests.xctest */;
			productType = "com.apple.product-type.bundle.ui-testing";
		};
/* End PBXNativeTarget section */

/* Begin PBXProject section */
		528FF60629A9E13E00C25137 /* Project object */ = {
			isa = PBXProject;
			attributes = {
				BuildIndependentTargetsInParallel = 1;
				LastSwiftUpdateCheck = 1420;
				LastUpgradeCheck = 1420;
				TargetAttributes = {
					528FF60D29A9E13E00C25137 = {
						CreatedOnToolsVersion = 14.2;
					};
					528FF62329A9E13F00C25137 = {
						CreatedOnToolsVersion = 14.2;
						TestTargetID = 528FF60D29A9E13E00C25137;
					};
					528FF62D29A9E14000C25137 = {
						CreatedOnToolsVersion = 14.2;
						TestTargetID = 528FF60D29A9E13E00C25137;
					};
				};
			};
			buildConfigurationList = 528FF60929A9E13E00C25137 /* Build configuration list for PBXProject "MybkMobile" */;
			compatibilityVersion = "Xcode 14.0";
			developmentRegion = en;
			hasScannedForEncodings = 0;
			knownRegions = (
				en,
				Base,
			);
			mainGroup = 528FF60529A9E13E00C25137;
			productRefGroup = 528FF60F29A9E13E00C25137 /* Products */;
			projectDirPath = "";
			projectRoot = "";
			targets = (
				528FF60D29A9E13E00C25137 /* MybkMobile */,
				528FF62329A9E13F00C25137 /* MybkMobileTests */,
				528FF62D29A9E14000C25137 /* MybkMobileUITests */,
			);
		};
/* End PBXProject section */

/* Begin PBXResourcesBuildPhase section */
		528FF60C29A9E13E00C25137 /* Resources */ = {
			isa = PBXResourcesBuildPhase;
			buildActionMask = 2147483647;
			files = (
				528958AA29AA0A090049EE07 /* TestScheduleBottomView.xib in Resources */,
				5287970A29C0633E000BA20F /* DetailSubjectViewController.xib in Resources */,
				52BA48DF29BD6302006C6CA5 /* InfoDetailCell.xib in Resources */,
				528958B029AA14160049EE07 /* ScoreBottomView.xib in Resources */,
				528958A129AA036B0049EE07 /* SubjectScheduleCell.xib in Resources */,
				52A0D00529B46405003B8952 /* MainTabBarController.storyboard in Resources */,
				52844B2329D21154005849A7 /* UpdateDateFooterView.xib in Resources */,
				525A2D6129BFDED300C9887B /* PolicyViewController.xib in Resources */,
				52C9A25B29AA19B700F2B8C1 /* LearnScheduleBottomView.xib in Resources */,
				52BA48E529BDC5FE006C6CA5 /* SpecialScoreViewCell.xib in Resources */,
				528FF61E29A9E13F00C25137 /* LaunchScreen.storyboard in Resources */,
				52A04DF129D1A43800194772 /* WeekViewCell.xib in Resources */,
				52ED1AAC29B3B6B800DC1429 /* LoginViewController.xib in Resources */,
				528FF61B29A9E13F00C25137 /* Assets.xcassets in Resources */,
				528FF65129A9EC7C00C25137 /* BottomBarItem.xib in Resources */,
			);
			runOnlyForDeploymentPostprocessing = 0;
		};
		528FF62229A9E13F00C25137 /* Resources */ = {
			isa = PBXResourcesBuildPhase;
			buildActionMask = 2147483647;
			files = (
			);
			runOnlyForDeploymentPostprocessing = 0;
		};
		528FF62C29A9E14000C25137 /* Resources */ = {
			isa = PBXResourcesBuildPhase;
			buildActionMask = 2147483647;
			files = (
			);
			runOnlyForDeploymentPostprocessing = 0;
		};
/* End PBXResourcesBuildPhase section */

/* Begin PBXShellScriptBuildPhase section */
		50686EE71F4CA2AC31AA7139 /* [CP] Check Pods Manifest.lock */ = {
			isa = PBXShellScriptBuildPhase;
			buildActionMask = 2147483647;
			files = (
			);
			inputFileListPaths = (
			);
			inputPaths = (
				"${PODS_PODFILE_DIR_PATH}/Podfile.lock",
				"${PODS_ROOT}/Manifest.lock",
			);
			name = "[CP] Check Pods Manifest.lock";
			outputFileListPaths = (
			);
			outputPaths = (
				"$(DERIVED_FILE_DIR)/Pods-MybkMobile-MybkMobileUITests-checkManifestLockResult.txt",
			);
			runOnlyForDeploymentPostprocessing = 0;
			shellPath = /bin/sh;
			shellScript = "diff \"${PODS_PODFILE_DIR_PATH}/Podfile.lock\" \"${PODS_ROOT}/Manifest.lock\" > /dev/null\nif [ $? != 0 ] ; then\n    # print error to STDERR\n    echo \"error: The sandbox is not in sync with the Podfile.lock. Run 'pod install' or update your CocoaPods installation.\" >&2\n    exit 1\nfi\n# This output is used by Xcode 'outputs' to avoid re-running this script phase.\necho \"SUCCESS\" > \"${SCRIPT_OUTPUT_FILE_0}\"\n";
			showEnvVarsInLog = 0;
		};
		B630C310CA4794A43FD4D058 /* [CP] Check Pods Manifest.lock */ = {
			isa = PBXShellScriptBuildPhase;
			buildActionMask = 2147483647;
			files = (
			);
			inputFileListPaths = (
			);
			inputPaths = (
				"${PODS_PODFILE_DIR_PATH}/Podfile.lock",
				"${PODS_ROOT}/Manifest.lock",
			);
			name = "[CP] Check Pods Manifest.lock";
			outputFileListPaths = (
			);
			outputPaths = (
				"$(DERIVED_FILE_DIR)/Pods-MybkMobile-checkManifestLockResult.txt",
			);
			runOnlyForDeploymentPostprocessing = 0;
			shellPath = /bin/sh;
			shellScript = "diff \"${PODS_PODFILE_DIR_PATH}/Podfile.lock\" \"${PODS_ROOT}/Manifest.lock\" > /dev/null\nif [ $? != 0 ] ; then\n    # print error to STDERR\n    echo \"error: The sandbox is not in sync with the Podfile.lock. Run 'pod install' or update your CocoaPods installation.\" >&2\n    exit 1\nfi\n# This output is used by Xcode 'outputs' to avoid re-running this script phase.\necho \"SUCCESS\" > \"${SCRIPT_OUTPUT_FILE_0}\"\n";
			showEnvVarsInLog = 0;
		};
		B78A8FE991EC7CEE951A8033 /* [CP] Check Pods Manifest.lock */ = {
			isa = PBXShellScriptBuildPhase;
			buildActionMask = 2147483647;
			files = (
			);
			inputFileListPaths = (
			);
			inputPaths = (
				"${PODS_PODFILE_DIR_PATH}/Podfile.lock",
				"${PODS_ROOT}/Manifest.lock",
			);
			name = "[CP] Check Pods Manifest.lock";
			outputFileListPaths = (
			);
			outputPaths = (
				"$(DERIVED_FILE_DIR)/Pods-MybkMobileTests-checkManifestLockResult.txt",
			);
			runOnlyForDeploymentPostprocessing = 0;
			shellPath = /bin/sh;
			shellScript = "diff \"${PODS_PODFILE_DIR_PATH}/Podfile.lock\" \"${PODS_ROOT}/Manifest.lock\" > /dev/null\nif [ $? != 0 ] ; then\n    # print error to STDERR\n    echo \"error: The sandbox is not in sync with the Podfile.lock. Run 'pod install' or update your CocoaPods installation.\" >&2\n    exit 1\nfi\n# This output is used by Xcode 'outputs' to avoid re-running this script phase.\necho \"SUCCESS\" > \"${SCRIPT_OUTPUT_FILE_0}\"\n";
			showEnvVarsInLog = 0;
		};
		E308D12F72A38D5CFE579911 /* [CP] Embed Pods Frameworks */ = {
			isa = PBXShellScriptBuildPhase;
			buildActionMask = 2147483647;
			files = (
			);
			inputFileListPaths = (
				"${PODS_ROOT}/Target Support Files/Pods-MybkMobile/Pods-MybkMobile-frameworks-${CONFIGURATION}-input-files.xcfilelist",
			);
			name = "[CP] Embed Pods Frameworks";
			outputFileListPaths = (
				"${PODS_ROOT}/Target Support Files/Pods-MybkMobile/Pods-MybkMobile-frameworks-${CONFIGURATION}-output-files.xcfilelist",
			);
			runOnlyForDeploymentPostprocessing = 0;
			shellPath = /bin/sh;
			shellScript = "\"${PODS_ROOT}/Target Support Files/Pods-MybkMobile/Pods-MybkMobile-frameworks.sh\"\n";
			showEnvVarsInLog = 0;
		};
		F3B50EBDD8B70B5518198407 /* [CP] Embed Pods Frameworks */ = {
			isa = PBXShellScriptBuildPhase;
			buildActionMask = 2147483647;
			files = (
			);
			inputFileListPaths = (
				"${PODS_ROOT}/Target Support Files/Pods-MybkMobile-MybkMobileUITests/Pods-MybkMobile-MybkMobileUITests-frameworks-${CONFIGURATION}-input-files.xcfilelist",
			);
			name = "[CP] Embed Pods Frameworks";
			outputFileListPaths = (
				"${PODS_ROOT}/Target Support Files/Pods-MybkMobile-MybkMobileUITests/Pods-MybkMobile-MybkMobileUITests-frameworks-${CONFIGURATION}-output-files.xcfilelist",
			);
			runOnlyForDeploymentPostprocessing = 0;
			shellPath = /bin/sh;
			shellScript = "\"${PODS_ROOT}/Target Support Files/Pods-MybkMobile-MybkMobileUITests/Pods-MybkMobile-MybkMobileUITests-frameworks.sh\"\n";
			showEnvVarsInLog = 0;
		};
/* End PBXShellScriptBuildPhase section */

/* Begin PBXSourcesBuildPhase section */
		528FF60A29A9E13E00C25137 /* Sources */ = {
			isa = PBXSourcesBuildPhase;
			buildActionMask = 2147483647;
			files = (
				52A47E8D29CDF25800CD07D1 /* ScheduleRemoteData.swift in Sources */,
				52A47E9929CE766900CD07D1 /* RemoteSchedule.swift in Sources */,
				5208F47229C43D6900A754F1 /* LoginViewModel.swift in Sources */,
				52ED1AAB29B3B6B800DC1429 /* LoginViewController.swift in Sources */,
				52C9A25F29AA434D00F2B8C1 /* UIView.swift in Sources */,
				5246822829BB67EA00124A6A /* UICollectionViewCell.swift in Sources */,
				528FF61229A9E13E00C25137 /* AppDelegate.swift in Sources */,
				52373EA029B79CA700AA4383 /* CustomButton.swift in Sources */,
				52FAA94929CCAD8700228ACC /* Storaged.xcdatamodeld in Sources */,
				52BA48E729BDC719006C6CA5 /* TranscriptCollectionViewFooterCell.swift in Sources */,
				52A47E9529CE75EB00CD07D1 /* RemoteExam.swift in Sources */,
				52F064EE29BA29B500D07D72 /* ScheduleViewModel.swift in Sources */,
				528C256F29D7EA8900EAFFD4 /* Data.swift in Sources */,
				52BA48E429BDC5FE006C6CA5 /* SpecialScoreViewCell.swift in Sources */,
				5287970C29C065F5000BA20F /* DetailSubjectViewModel.swift in Sources */,
				52BA48D129BCB283006C6CA5 /* TranscriptViewModel.swift in Sources */,
				52C9A27029AA567300F2B8C1 /* CustomThumbView.swift in Sources */,
				528530D529D2DFED004DBDC2 /* Decodable.swift in Sources */,
				5208F47429C477D600A754F1 /* HTMLutils.swift in Sources */,
				525A2D6029BFDED300C9887B /* PolicyViewController.swift in Sources */,
				5214923429B4370000A7522B /* ScheduleViewController.swift in Sources */,
				52A0D00929B46C60003B8952 /* TranscriptViewController.swift in Sources */,
				52844B2229D21154005849A7 /* UpdateDateFooterView.swift in Sources */,
				52A47E9729CE765600CD07D1 /* RemoteGrade.swift in Sources */,
				52CD462A29CFF53F00410F8C /* BioMetricAuthencation.swift in Sources */,
				528958A829AA094E0049EE07 /* TestScheduleBottomView.swift in Sources */,
				528FF65729A9F11F00C25137 /* Constrain.swift in Sources */,
				52486F9B29C1681E004FB208 /* RemoteAuthencation.swift in Sources */,
				52BA48DE29BD6302006C6CA5 /* InfoDetailCell.swift in Sources */,
				528958B129AA14160049EE07 /* ScoreBottomView.swift in Sources */,
				52ED1AAE29B3B6ED00DC1429 /* UIViewController.swift in Sources */,
				52A04DF029D1A43800194772 /* WeekViewCell.swift in Sources */,
				5287970929C0633E000BA20F /* DetailSubjectViewController.swift in Sources */,
				52A0D00B29B47002003B8952 /* ProfileViewController.swift in Sources */,
				528FF65329A9EF8B00C25137 /* BottomBarItem.swift in Sources */,
				528C257129D7F32400EAFFD4 /* RemoteProfile.swift in Sources */,
				52A47E8B29CDF14700CD07D1 /* ScheduleLocalData.swift in Sources */,
				52C9A25D29AA3DA700F2B8C1 /* LearnScheduleBottomView.swift in Sources */,
				52BA48D729BD5DF9006C6CA5 /* TranscriptCollectionViewHeaderCell.swift in Sources */,
				52ED1AA629B3B55800DC1429 /* SceneDelegate.swift in Sources */,
				5264423429BE9CE90099F48E /* ProfileViewModel.swift in Sources */,
				52A47E8929CDF08F00CD07D1 /* GradeRemoteData.swift in Sources */,
				526ECB6829C21447006D9B3D /* NetworkAssistant.swift in Sources */,
				52486F9929C15AAB004FB208 /* Constant.swift in Sources */,
				52BA48D329BCB455006C6CA5 /* GradeHeaderViewModel.swift in Sources */,
				52A0D00D29B48E5C003B8952 /* MainTabBarController.swift in Sources */,
				52BA48E129BD8236006C6CA5 /* UITableView.swift in Sources */,
				52C9A26E29AA561000F2B8C1 /* CustomToggle.swift in Sources */,
				528C257329D7F44F00EAFFD4 /* ProfileRemoteData.swift in Sources */,
				52F1B46B29BBFD470003178D /* ExamViewViewModel.swift in Sources */,
				52373E9E29B795CB00AA4383 /* UIColor.swift in Sources */,
				52C9A26129AA43D600F2B8C1 /* UICollectionView.swift in Sources */,
				528958A229AA036B0049EE07 /* SubjectScheduleCell.swift in Sources */,
				529CA78029D600F8002C3ED4 /* GradeFooterViewModel.swift in Sources */,
				52A47E9129CDF51C00CD07D1 /* ExamRemoteData.swift in Sources */,
				52A0D00729B46470003B8952 /* ExamViewController.swift in Sources */,
				524D634C29D70D8100F32C5E /* WeekInfoCell.swift in Sources */,
			);
			runOnlyForDeploymentPostprocessing = 0;
		};
		528FF62029A9E13F00C25137 /* Sources */ = {
			isa = PBXSourcesBuildPhase;
			buildActionMask = 2147483647;
			files = (
				528FF62929A9E13F00C25137 /* MybkMobileTests.swift in Sources */,
			);
			runOnlyForDeploymentPostprocessing = 0;
		};
		528FF62A29A9E14000C25137 /* Sources */ = {
			isa = PBXSourcesBuildPhase;
			buildActionMask = 2147483647;
			files = (
				528FF63329A9E14000C25137 /* MybkMobileUITests.swift in Sources */,
				528FF63529A9E14000C25137 /* MybkMobileUITestsLaunchTests.swift in Sources */,
			);
			runOnlyForDeploymentPostprocessing = 0;
		};
/* End PBXSourcesBuildPhase section */

/* Begin PBXTargetDependency section */
		528FF62629A9E13F00C25137 /* PBXTargetDependency */ = {
			isa = PBXTargetDependency;
			target = 528FF60D29A9E13E00C25137 /* MybkMobile */;
			targetProxy = 528FF62529A9E13F00C25137 /* PBXContainerItemProxy */;
		};
		528FF63029A9E14000C25137 /* PBXTargetDependency */ = {
			isa = PBXTargetDependency;
			target = 528FF60D29A9E13E00C25137 /* MybkMobile */;
			targetProxy = 528FF62F29A9E14000C25137 /* PBXContainerItemProxy */;
		};
/* End PBXTargetDependency section */

/* Begin PBXVariantGroup section */
		528FF61C29A9E13F00C25137 /* LaunchScreen.storyboard */ = {
			isa = PBXVariantGroup;
			children = (
				528FF61D29A9E13F00C25137 /* Base */,
			);
			name = LaunchScreen.storyboard;
			sourceTree = "<group>";
		};
/* End PBXVariantGroup section */

/* Begin XCBuildConfiguration section */
		528FF63629A9E14000C25137 /* Debug */ = {
			isa = XCBuildConfiguration;
			buildSettings = {
				ALWAYS_SEARCH_USER_PATHS = NO;
				CLANG_ANALYZER_NONNULL = YES;
				CLANG_ANALYZER_NUMBER_OBJECT_CONVERSION = YES_AGGRESSIVE;
				CLANG_CXX_LANGUAGE_STANDARD = "gnu++20";
				CLANG_ENABLE_MODULES = YES;
				CLANG_ENABLE_OBJC_ARC = YES;
				CLANG_ENABLE_OBJC_WEAK = YES;
				CLANG_WARN_BLOCK_CAPTURE_AUTORELEASING = YES;
				CLANG_WARN_BOOL_CONVERSION = YES;
				CLANG_WARN_COMMA = YES;
				CLANG_WARN_CONSTANT_CONVERSION = YES;
				CLANG_WARN_DEPRECATED_OBJC_IMPLEMENTATIONS = YES;
				CLANG_WARN_DIRECT_OBJC_ISA_USAGE = YES_ERROR;
				CLANG_WARN_DOCUMENTATION_COMMENTS = YES;
				CLANG_WARN_EMPTY_BODY = YES;
				CLANG_WARN_ENUM_CONVERSION = YES;
				CLANG_WARN_INFINITE_RECURSION = YES;
				CLANG_WARN_INT_CONVERSION = YES;
				CLANG_WARN_NON_LITERAL_NULL_CONVERSION = YES;
				CLANG_WARN_OBJC_IMPLICIT_RETAIN_SELF = YES;
				CLANG_WARN_OBJC_LITERAL_CONVERSION = YES;
				CLANG_WARN_OBJC_ROOT_CLASS = YES_ERROR;
				CLANG_WARN_QUOTED_INCLUDE_IN_FRAMEWORK_HEADER = YES;
				CLANG_WARN_RANGE_LOOP_ANALYSIS = YES;
				CLANG_WARN_STRICT_PROTOTYPES = YES;
				CLANG_WARN_SUSPICIOUS_MOVE = YES;
				CLANG_WARN_UNGUARDED_AVAILABILITY = YES_AGGRESSIVE;
				CLANG_WARN_UNREACHABLE_CODE = YES;
				CLANG_WARN__DUPLICATE_METHOD_MATCH = YES;
				COPY_PHASE_STRIP = NO;
				DEBUG_INFORMATION_FORMAT = dwarf;
				ENABLE_STRICT_OBJC_MSGSEND = YES;
				ENABLE_TESTABILITY = YES;
				GCC_C_LANGUAGE_STANDARD = gnu11;
				GCC_DYNAMIC_NO_PIC = NO;
				GCC_NO_COMMON_BLOCKS = YES;
				GCC_OPTIMIZATION_LEVEL = 0;
				GCC_PREPROCESSOR_DEFINITIONS = (
					"DEBUG=1",
					"$(inherited)",
				);
				GCC_WARN_64_TO_32_BIT_CONVERSION = YES;
				GCC_WARN_ABOUT_RETURN_TYPE = YES_ERROR;
				GCC_WARN_UNDECLARED_SELECTOR = YES;
				GCC_WARN_UNINITIALIZED_AUTOS = YES_AGGRESSIVE;
				GCC_WARN_UNUSED_FUNCTION = YES;
				GCC_WARN_UNUSED_VARIABLE = YES;
				IPHONEOS_DEPLOYMENT_TARGET = 12.0;
				MTL_ENABLE_DEBUG_INFO = INCLUDE_SOURCE;
				MTL_FAST_MATH = YES;
				ONLY_ACTIVE_ARCH = YES;
				SDKROOT = iphoneos;
				SWIFT_ACTIVE_COMPILATION_CONDITIONS = DEBUG;
				SWIFT_OPTIMIZATION_LEVEL = "-Onone";
			};
			name = Debug;
		};
		528FF63729A9E14000C25137 /* Release */ = {
			isa = XCBuildConfiguration;
			buildSettings = {
				ALWAYS_SEARCH_USER_PATHS = NO;
				CLANG_ANALYZER_NONNULL = YES;
				CLANG_ANALYZER_NUMBER_OBJECT_CONVERSION = YES_AGGRESSIVE;
				CLANG_CXX_LANGUAGE_STANDARD = "gnu++20";
				CLANG_ENABLE_MODULES = YES;
				CLANG_ENABLE_OBJC_ARC = YES;
				CLANG_ENABLE_OBJC_WEAK = YES;
				CLANG_WARN_BLOCK_CAPTURE_AUTORELEASING = YES;
				CLANG_WARN_BOOL_CONVERSION = YES;
				CLANG_WARN_COMMA = YES;
				CLANG_WARN_CONSTANT_CONVERSION = YES;
				CLANG_WARN_DEPRECATED_OBJC_IMPLEMENTATIONS = YES;
				CLANG_WARN_DIRECT_OBJC_ISA_USAGE = YES_ERROR;
				CLANG_WARN_DOCUMENTATION_COMMENTS = YES;
				CLANG_WARN_EMPTY_BODY = YES;
				CLANG_WARN_ENUM_CONVERSION = YES;
				CLANG_WARN_INFINITE_RECURSION = YES;
				CLANG_WARN_INT_CONVERSION = YES;
				CLANG_WARN_NON_LITERAL_NULL_CONVERSION = YES;
				CLANG_WARN_OBJC_IMPLICIT_RETAIN_SELF = YES;
				CLANG_WARN_OBJC_LITERAL_CONVERSION = YES;
				CLANG_WARN_OBJC_ROOT_CLASS = YES_ERROR;
				CLANG_WARN_QUOTED_INCLUDE_IN_FRAMEWORK_HEADER = YES;
				CLANG_WARN_RANGE_LOOP_ANALYSIS = YES;
				CLANG_WARN_STRICT_PROTOTYPES = YES;
				CLANG_WARN_SUSPICIOUS_MOVE = YES;
				CLANG_WARN_UNGUARDED_AVAILABILITY = YES_AGGRESSIVE;
				CLANG_WARN_UNREACHABLE_CODE = YES;
				CLANG_WARN__DUPLICATE_METHOD_MATCH = YES;
				COPY_PHASE_STRIP = NO;
				DEBUG_INFORMATION_FORMAT = "dwarf-with-dsym";
				ENABLE_NS_ASSERTIONS = NO;
				ENABLE_STRICT_OBJC_MSGSEND = YES;
				GCC_C_LANGUAGE_STANDARD = gnu11;
				GCC_NO_COMMON_BLOCKS = YES;
				GCC_WARN_64_TO_32_BIT_CONVERSION = YES;
				GCC_WARN_ABOUT_RETURN_TYPE = YES_ERROR;
				GCC_WARN_UNDECLARED_SELECTOR = YES;
				GCC_WARN_UNINITIALIZED_AUTOS = YES_AGGRESSIVE;
				GCC_WARN_UNUSED_FUNCTION = YES;
				GCC_WARN_UNUSED_VARIABLE = YES;
				IPHONEOS_DEPLOYMENT_TARGET = 12.0;
				MTL_ENABLE_DEBUG_INFO = NO;
				MTL_FAST_MATH = YES;
				SDKROOT = iphoneos;
				SWIFT_COMPILATION_MODE = wholemodule;
				SWIFT_OPTIMIZATION_LEVEL = "-O";
				VALIDATE_PRODUCT = YES;
			};
			name = Release;
		};
		528FF63929A9E14000C25137 /* Debug */ = {
			isa = XCBuildConfiguration;
			baseConfigurationReference = 91C42BD0680E306B794BBB1E /* Pods-MybkMobile.debug.xcconfig */;
			buildSettings = {
				ASSETCATALOG_COMPILER_APPICON_NAME = AppIcon;
				ASSETCATALOG_COMPILER_GLOBAL_ACCENT_COLOR_NAME = AccentColor;
				CODE_SIGN_STYLE = Automatic;
				CURRENT_PROJECT_VERSION = 1;
				DEVELOPMENT_TEAM = M494F4824Q;
				GENERATE_INFOPLIST_FILE = YES;
				INFOPLIST_FILE = MybkMobile/Info.plist;
				INFOPLIST_KEY_CFBundleDisplayName = MyBKMobile;
				INFOPLIST_KEY_LSApplicationCategoryType = "public.app-category.education";
				INFOPLIST_KEY_UIApplicationSupportsIndirectInputEvents = YES;
				INFOPLIST_KEY_UILaunchStoryboardName = LaunchScreen;
				INFOPLIST_KEY_UIMainStoryboardFile = "";
				INFOPLIST_KEY_UISupportedInterfaceOrientations_iPad = "UIInterfaceOrientationPortrait UIInterfaceOrientationPortraitUpsideDown UIInterfaceOrientationLandscapeLeft UIInterfaceOrientationLandscapeRight";
				INFOPLIST_KEY_UISupportedInterfaceOrientations_iPhone = "UIInterfaceOrientationPortrait UIInterfaceOrientationLandscapeLeft UIInterfaceOrientationLandscapeRight";
				LD_RUNPATH_SEARCH_PATHS = (
					"$(inherited)",
					"@executable_path/Frameworks",
				);
				MARKETING_VERSION = 1.0;
				PRODUCT_BUNDLE_IDENTIFIER = ductran.MybkMobile;
				PRODUCT_NAME = "$(TARGET_NAME)";
				SWIFT_EMIT_LOC_STRINGS = YES;
				SWIFT_VERSION = 5.0;
				TARGETED_DEVICE_FAMILY = "1,2";
			};
			name = Debug;
		};
		528FF63A29A9E14000C25137 /* Release */ = {
			isa = XCBuildConfiguration;
			baseConfigurationReference = 31D63A0A6D89228163808344 /* Pods-MybkMobile.release.xcconfig */;
			buildSettings = {
				ASSETCATALOG_COMPILER_APPICON_NAME = AppIcon;
				ASSETCATALOG_COMPILER_GLOBAL_ACCENT_COLOR_NAME = AccentColor;
				CODE_SIGN_STYLE = Automatic;
				CURRENT_PROJECT_VERSION = 1;
				DEVELOPMENT_TEAM = M494F4824Q;
				GENERATE_INFOPLIST_FILE = YES;
				INFOPLIST_FILE = MybkMobile/Info.plist;
				INFOPLIST_KEY_CFBundleDisplayName = MyBKMobile;
				INFOPLIST_KEY_LSApplicationCategoryType = "public.app-category.education";
				INFOPLIST_KEY_UIApplicationSupportsIndirectInputEvents = YES;
				INFOPLIST_KEY_UILaunchStoryboardName = LaunchScreen;
				INFOPLIST_KEY_UIMainStoryboardFile = "";
				INFOPLIST_KEY_UISupportedInterfaceOrientations_iPad = "UIInterfaceOrientationPortrait UIInterfaceOrientationPortraitUpsideDown UIInterfaceOrientationLandscapeLeft UIInterfaceOrientationLandscapeRight";
				INFOPLIST_KEY_UISupportedInterfaceOrientations_iPhone = "UIInterfaceOrientationPortrait UIInterfaceOrientationLandscapeLeft UIInterfaceOrientationLandscapeRight";
				LD_RUNPATH_SEARCH_PATHS = (
					"$(inherited)",
					"@executable_path/Frameworks",
				);
				MARKETING_VERSION = 1.0;
				PRODUCT_BUNDLE_IDENTIFIER = ductran.MybkMobile;
				PRODUCT_NAME = "$(TARGET_NAME)";
				SWIFT_EMIT_LOC_STRINGS = YES;
				SWIFT_VERSION = 5.0;
				TARGETED_DEVICE_FAMILY = "1,2";
			};
			name = Release;
		};
		528FF63C29A9E14000C25137 /* Debug */ = {
			isa = XCBuildConfiguration;
			baseConfigurationReference = 47CFEFA3FFB4769F0AD4A206 /* Pods-MybkMobileTests.debug.xcconfig */;
			buildSettings = {
				ALWAYS_EMBED_SWIFT_STANDARD_LIBRARIES = YES;
				BUNDLE_LOADER = "$(TEST_HOST)";
				CODE_SIGN_STYLE = Automatic;
				CURRENT_PROJECT_VERSION = 1;
				DEVELOPMENT_TEAM = M494F4824Q;
				GENERATE_INFOPLIST_FILE = YES;
				IPHONEOS_DEPLOYMENT_TARGET = 16.2;
				MARKETING_VERSION = 1.0;
				PRODUCT_BUNDLE_IDENTIFIER = ductran.MybkMobileTests;
				PRODUCT_NAME = "$(TARGET_NAME)";
				SWIFT_EMIT_LOC_STRINGS = NO;
				SWIFT_VERSION = 5.0;
				TARGETED_DEVICE_FAMILY = "1,2";
				TEST_HOST = "$(BUILT_PRODUCTS_DIR)/MybkMobile.app/$(BUNDLE_EXECUTABLE_FOLDER_PATH)/MybkMobile";
			};
			name = Debug;
		};
		528FF63D29A9E14000C25137 /* Release */ = {
			isa = XCBuildConfiguration;
			baseConfigurationReference = 1E3E96EB34776CABB91E6A20 /* Pods-MybkMobileTests.release.xcconfig */;
			buildSettings = {
				ALWAYS_EMBED_SWIFT_STANDARD_LIBRARIES = YES;
				BUNDLE_LOADER = "$(TEST_HOST)";
				CODE_SIGN_STYLE = Automatic;
				CURRENT_PROJECT_VERSION = 1;
				DEVELOPMENT_TEAM = M494F4824Q;
				GENERATE_INFOPLIST_FILE = YES;
				IPHONEOS_DEPLOYMENT_TARGET = 16.2;
				MARKETING_VERSION = 1.0;
				PRODUCT_BUNDLE_IDENTIFIER = ductran.MybkMobileTests;
				PRODUCT_NAME = "$(TARGET_NAME)";
				SWIFT_EMIT_LOC_STRINGS = NO;
				SWIFT_VERSION = 5.0;
				TARGETED_DEVICE_FAMILY = "1,2";
				TEST_HOST = "$(BUILT_PRODUCTS_DIR)/MybkMobile.app/$(BUNDLE_EXECUTABLE_FOLDER_PATH)/MybkMobile";
			};
			name = Release;
		};
		528FF63F29A9E14000C25137 /* Debug */ = {
			isa = XCBuildConfiguration;
			baseConfigurationReference = 60239DFB59761D57A4B0C39F /* Pods-MybkMobile-MybkMobileUITests.debug.xcconfig */;
			buildSettings = {
				ALWAYS_EMBED_SWIFT_STANDARD_LIBRARIES = YES;
				CODE_SIGN_STYLE = Automatic;
				CURRENT_PROJECT_VERSION = 1;
				DEVELOPMENT_TEAM = M494F4824Q;
				GENERATE_INFOPLIST_FILE = YES;
				MARKETING_VERSION = 1.0;
				PRODUCT_BUNDLE_IDENTIFIER = ductran.MybkMobileUITests;
				PRODUCT_NAME = "$(TARGET_NAME)";
				SWIFT_EMIT_LOC_STRINGS = NO;
				SWIFT_VERSION = 5.0;
				TARGETED_DEVICE_FAMILY = "1,2";
				TEST_TARGET_NAME = MybkMobile;
			};
			name = Debug;
		};
		528FF64029A9E14000C25137 /* Release */ = {
			isa = XCBuildConfiguration;
			baseConfigurationReference = F6E9EF6A66CC275EAB8740C7 /* Pods-MybkMobile-MybkMobileUITests.release.xcconfig */;
			buildSettings = {
				ALWAYS_EMBED_SWIFT_STANDARD_LIBRARIES = YES;
				CODE_SIGN_STYLE = Automatic;
				CURRENT_PROJECT_VERSION = 1;
				DEVELOPMENT_TEAM = M494F4824Q;
				GENERATE_INFOPLIST_FILE = YES;
				MARKETING_VERSION = 1.0;
				PRODUCT_BUNDLE_IDENTIFIER = ductran.MybkMobileUITests;
				PRODUCT_NAME = "$(TARGET_NAME)";
				SWIFT_EMIT_LOC_STRINGS = NO;
				SWIFT_VERSION = 5.0;
				TARGETED_DEVICE_FAMILY = "1,2";
				TEST_TARGET_NAME = MybkMobile;
			};
			name = Release;
		};
/* End XCBuildConfiguration section */

/* Begin XCConfigurationList section */
		528FF60929A9E13E00C25137 /* Build configuration list for PBXProject "MybkMobile" */ = {
			isa = XCConfigurationList;
			buildConfigurations = (
				528FF63629A9E14000C25137 /* Debug */,
				528FF63729A9E14000C25137 /* Release */,
			);
			defaultConfigurationIsVisible = 0;
			defaultConfigurationName = Release;
		};
		528FF63829A9E14000C25137 /* Build configuration list for PBXNativeTarget "MybkMobile" */ = {
			isa = XCConfigurationList;
			buildConfigurations = (
				528FF63929A9E14000C25137 /* Debug */,
				528FF63A29A9E14000C25137 /* Release */,
			);
			defaultConfigurationIsVisible = 0;
			defaultConfigurationName = Release;
		};
		528FF63B29A9E14000C25137 /* Build configuration list for PBXNativeTarget "MybkMobileTests" */ = {
			isa = XCConfigurationList;
			buildConfigurations = (
				528FF63C29A9E14000C25137 /* Debug */,
				528FF63D29A9E14000C25137 /* Release */,
			);
			defaultConfigurationIsVisible = 0;
			defaultConfigurationName = Release;
		};
		528FF63E29A9E14000C25137 /* Build configuration list for PBXNativeTarget "MybkMobileUITests" */ = {
			isa = XCConfigurationList;
			buildConfigurations = (
				528FF63F29A9E14000C25137 /* Debug */,
				528FF64029A9E14000C25137 /* Release */,
			);
			defaultConfigurationIsVisible = 0;
			defaultConfigurationName = Release;
		};
/* End XCConfigurationList section */

/* Begin XCVersionGroup section */
		52FAA94729CCAD8700228ACC /* Storaged.xcdatamodeld */ = {
			isa = XCVersionGroup;
			children = (
				52FAA94829CCAD8700228ACC /* Storaged.xcdatamodel */,
			);
			currentVersion = 52FAA94829CCAD8700228ACC /* Storaged.xcdatamodel */;
			path = Storaged.xcdatamodeld;
			sourceTree = "<group>";
			versionGroupType = wrapper.xcdatamodel;
		};
/* End XCVersionGroup section */
	};
	rootObject = 528FF60629A9E13E00C25137 /* Project object */;
}
