// !$*UTF8*$!
{
	archiveVersion = 1;
	classes = {
	};
	objectVersion = 56;
	objects = {

/* Begin PBXBuildFile section */
		5214923429B4370000A7522B /* ScheduleViewController.swift in Sources */ = {isa = PBXBuildFile; fileRef = 5214923229B4370000A7522B /* ScheduleViewController.swift */; };
		52373E9E29B795CB00AA4383 /* UIColor.swift in Sources */ = {isa = PBXBuildFile; fileRef = 52373E9D29B795CB00AA4383 /* UIColor.swift */; };
		52373EA029B79CA700AA4383 /* CustomButton.swift in Sources */ = {isa = PBXBuildFile; fileRef = 52373E9F29B79CA700AA4383 /* CustomButton.swift */; };
		528958A129AA036B0049EE07 /* SubjectScheduleCell.xib in Resources */ = {isa = PBXBuildFile; fileRef = 5289589F29AA036B0049EE07 /* SubjectScheduleCell.xib */; };
		528958A229AA036B0049EE07 /* SubjectScheduleCell.swift in Sources */ = {isa = PBXBuildFile; fileRef = 528958A029AA036B0049EE07 /* SubjectScheduleCell.swift */; };
		528958A829AA094E0049EE07 /* TestScheduleBottomView.swift in Sources */ = {isa = PBXBuildFile; fileRef = 528958A729AA094E0049EE07 /* TestScheduleBottomView.swift */; };
		528958AA29AA0A090049EE07 /* TestScheduleBottomView.xib in Resources */ = {isa = PBXBuildFile; fileRef = 528958A929AA0A090049EE07 /* TestScheduleBottomView.xib */; };
		528958B029AA14160049EE07 /* ScoreBottomView.xib in Resources */ = {isa = PBXBuildFile; fileRef = 528958AE29AA14160049EE07 /* ScoreBottomView.xib */; };
		528958B129AA14160049EE07 /* ScoreBottomView.swift in Sources */ = {isa = PBXBuildFile; fileRef = 528958AF29AA14160049EE07 /* ScoreBottomView.swift */; };
		528FF61229A9E13E00C25137 /* AppDelegate.swift in Sources */ = {isa = PBXBuildFile; fileRef = 528FF61129A9E13E00C25137 /* AppDelegate.swift */; };
		528FF61B29A9E13F00C25137 /* Assets.xcassets in Resources */ = {isa = PBXBuildFile; fileRef = 528FF61A29A9E13F00C25137 /* Assets.xcassets */; };
		528FF61E29A9E13F00C25137 /* LaunchScreen.storyboard in Resources */ = {isa = PBXBuildFile; fileRef = 528FF61C29A9E13F00C25137 /* LaunchScreen.storyboard */; };
		528FF62929A9E13F00C25137 /* MybkMobileTests.swift in Sources */ = {isa = PBXBuildFile; fileRef = 528FF62829A9E13F00C25137 /* MybkMobileTests.swift */; };
		528FF63329A9E14000C25137 /* MybkMobileUITests.swift in Sources */ = {isa = PBXBuildFile; fileRef = 528FF63229A9E14000C25137 /* MybkMobileUITests.swift */; };
		528FF63529A9E14000C25137 /* MybkMobileUITestsLaunchTests.swift in Sources */ = {isa = PBXBuildFile; fileRef = 528FF63429A9E14000C25137 /* MybkMobileUITestsLaunchTests.swift */; };
		528FF65129A9EC7C00C25137 /* BottomBarItem.xib in Resources */ = {isa = PBXBuildFile; fileRef = 528FF65029A9EC7C00C25137 /* BottomBarItem.xib */; };
		528FF65329A9EF8B00C25137 /* BottomBarItem.swift in Sources */ = {isa = PBXBuildFile; fileRef = 528FF65229A9EF8B00C25137 /* BottomBarItem.swift */; };
		528FF65729A9F11F00C25137 /* Constrain.swift in Sources */ = {isa = PBXBuildFile; fileRef = 528FF65629A9F11F00C25137 /* Constrain.swift */; };
		52A0D00529B46405003B8952 /* MainTabBarController.storyboard in Resources */ = {isa = PBXBuildFile; fileRef = 52A0D00429B46405003B8952 /* MainTabBarController.storyboard */; };
		52A0D00729B46470003B8952 /* ExamViewController.swift in Sources */ = {isa = PBXBuildFile; fileRef = 52A0D00629B46470003B8952 /* ExamViewController.swift */; };
		52A0D00929B46C60003B8952 /* TranscriptViewController.swift in Sources */ = {isa = PBXBuildFile; fileRef = 52A0D00829B46C60003B8952 /* TranscriptViewController.swift */; };
		52A0D00B29B47002003B8952 /* ProfileViewController.swift in Sources */ = {isa = PBXBuildFile; fileRef = 52A0D00A29B47002003B8952 /* ProfileViewController.swift */; };
		52A0D00D29B48E5C003B8952 /* MainTabBarController.swift in Sources */ = {isa = PBXBuildFile; fileRef = 52A0D00C29B48E5C003B8952 /* MainTabBarController.swift */; };
		52C9A25B29AA19B700F2B8C1 /* LearnScheduleBottomView.xib in Resources */ = {isa = PBXBuildFile; fileRef = 52C9A25A29AA19B700F2B8C1 /* LearnScheduleBottomView.xib */; };
		52C9A25D29AA3DA700F2B8C1 /* LearnScheduleBottomView.swift in Sources */ = {isa = PBXBuildFile; fileRef = 52C9A25C29AA3DA700F2B8C1 /* LearnScheduleBottomView.swift */; };
		52C9A25F29AA434D00F2B8C1 /* UIView.swift in Sources */ = {isa = PBXBuildFile; fileRef = 52C9A25E29AA434D00F2B8C1 /* UIView.swift */; };
		52C9A26129AA43D600F2B8C1 /* UICollectionView.swift in Sources */ = {isa = PBXBuildFile; fileRef = 52C9A26029AA43D600F2B8C1 /* UICollectionView.swift */; };
		52C9A26329AA480C00F2B8C1 /* SubjectCellModel.swift in Sources */ = {isa = PBXBuildFile; fileRef = 52C9A26229AA480C00F2B8C1 /* SubjectCellModel.swift */; };
		52C9A26729AA559400F2B8C1 /* DotCell.swift in Sources */ = {isa = PBXBuildFile; fileRef = 52C9A26529AA559400F2B8C1 /* DotCell.swift */; };
		52C9A26829AA559400F2B8C1 /* DotCell.xib in Resources */ = {isa = PBXBuildFile; fileRef = 52C9A26629AA559400F2B8C1 /* DotCell.xib */; };
		52C9A26B29AA55AC00F2B8C1 /* NumberCell.swift in Sources */ = {isa = PBXBuildFile; fileRef = 52C9A26929AA55AC00F2B8C1 /* NumberCell.swift */; };
		52C9A26C29AA55AC00F2B8C1 /* NumberCell.xib in Resources */ = {isa = PBXBuildFile; fileRef = 52C9A26A29AA55AC00F2B8C1 /* NumberCell.xib */; };
		52C9A26E29AA561000F2B8C1 /* CustomToggle.swift in Sources */ = {isa = PBXBuildFile; fileRef = 52C9A26D29AA561000F2B8C1 /* CustomToggle.swift */; };
		52C9A27029AA567300F2B8C1 /* CustomThumbView.swift in Sources */ = {isa = PBXBuildFile; fileRef = 52C9A26F29AA567300F2B8C1 /* CustomThumbView.swift */; };
		52C9A27329AACD2700F2B8C1 /* InfoDetailCell.swift in Sources */ = {isa = PBXBuildFile; fileRef = 52C9A27129AACD2700F2B8C1 /* InfoDetailCell.swift */; };
		52C9A27429AACD2700F2B8C1 /* InfoDetailCell.xib in Resources */ = {isa = PBXBuildFile; fileRef = 52C9A27229AACD2700F2B8C1 /* InfoDetailCell.xib */; };
		52C9A27629AACDF900F2B8C1 /* CustomTextField.swift in Sources */ = {isa = PBXBuildFile; fileRef = 52C9A27529AACDF900F2B8C1 /* CustomTextField.swift */; };
		52ED1A9B29B37E3700DC1429 /* SpecialScoreCell.swift in Sources */ = {isa = PBXBuildFile; fileRef = 52ED1A9929B37E3700DC1429 /* SpecialScoreCell.swift */; };
		52ED1A9C29B37E3700DC1429 /* SpecialScoreCell.xib in Resources */ = {isa = PBXBuildFile; fileRef = 52ED1A9A29B37E3700DC1429 /* SpecialScoreCell.xib */; };
		52ED1AA029B3803F00DC1429 /* SettingCell.swift in Sources */ = {isa = PBXBuildFile; fileRef = 52ED1A9E29B3803F00DC1429 /* SettingCell.swift */; };
		52ED1AA129B3803F00DC1429 /* SettingCell.xib in Resources */ = {isa = PBXBuildFile; fileRef = 52ED1A9F29B3803F00DC1429 /* SettingCell.xib */; };
		52ED1AA629B3B55800DC1429 /* SceneDelegate.swift in Sources */ = {isa = PBXBuildFile; fileRef = 52ED1AA529B3B55800DC1429 /* SceneDelegate.swift */; };
		52ED1AAB29B3B6B800DC1429 /* LoginViewController.swift in Sources */ = {isa = PBXBuildFile; fileRef = 52ED1AA929B3B6B800DC1429 /* LoginViewController.swift */; };
		52ED1AAC29B3B6B800DC1429 /* LoginViewController.xib in Resources */ = {isa = PBXBuildFile; fileRef = 52ED1AAA29B3B6B800DC1429 /* LoginViewController.xib */; };
		52ED1AAE29B3B6ED00DC1429 /* UIViewController.swift in Sources */ = {isa = PBXBuildFile; fileRef = 52ED1AAD29B3B6ED00DC1429 /* UIViewController.swift */; };
		52F064EE29BA29B500D07D72 /* ScheduleViewModel.swift in Sources */ = {isa = PBXBuildFile; fileRef = 52F064ED29BA29B500D07D72 /* ScheduleViewModel.swift */; };
/* End PBXBuildFile section */

/* Begin PBXContainerItemProxy section */
		528FF62529A9E13F00C25137 /* PBXContainerItemProxy */ = {
			isa = PBXContainerItemProxy;
			containerPortal = 528FF60629A9E13E00C25137 /* Project object */;
			proxyType = 1;
			remoteGlobalIDString = 528FF60D29A9E13E00C25137;
			remoteInfo = MybkMobile;
		};
		528FF62F29A9E14000C25137 /* PBXContainerItemProxy */ = {
			isa = PBXContainerItemProxy;
			containerPortal = 528FF60629A9E13E00C25137 /* Project object */;
			proxyType = 1;
			remoteGlobalIDString = 528FF60D29A9E13E00C25137;
			remoteInfo = MybkMobile;
		};
/* End PBXContainerItemProxy section */

/* Begin PBXFileReference section */
		5214923229B4370000A7522B /* ScheduleViewController.swift */ = {isa = PBXFileReference; lastKnownFileType = sourcecode.swift; path = ScheduleViewController.swift; sourceTree = "<group>"; };
		52373E9D29B795CB00AA4383 /* UIColor.swift */ = {isa = PBXFileReference; lastKnownFileType = sourcecode.swift; path = UIColor.swift; sourceTree = "<group>"; };
		52373E9F29B79CA700AA4383 /* CustomButton.swift */ = {isa = PBXFileReference; lastKnownFileType = sourcecode.swift; path = CustomButton.swift; sourceTree = "<group>"; };
		5289589F29AA036B0049EE07 /* SubjectScheduleCell.xib */ = {isa = PBXFileReference; fileEncoding = 4; lastKnownFileType = file.xib; path = SubjectScheduleCell.xib; sourceTree = "<group>"; };
		528958A029AA036B0049EE07 /* SubjectScheduleCell.swift */ = {isa = PBXFileReference; fileEncoding = 4; lastKnownFileType = sourcecode.swift; path = SubjectScheduleCell.swift; sourceTree = "<group>"; };
		528958A729AA094E0049EE07 /* TestScheduleBottomView.swift */ = {isa = PBXFileReference; lastKnownFileType = sourcecode.swift; path = TestScheduleBottomView.swift; sourceTree = "<group>"; };
		528958A929AA0A090049EE07 /* TestScheduleBottomView.xib */ = {isa = PBXFileReference; lastKnownFileType = file.xib; path = TestScheduleBottomView.xib; sourceTree = "<group>"; };
		528958AE29AA14160049EE07 /* ScoreBottomView.xib */ = {isa = PBXFileReference; fileEncoding = 4; lastKnownFileType = file.xib; path = ScoreBottomView.xib; sourceTree = "<group>"; };
		528958AF29AA14160049EE07 /* ScoreBottomView.swift */ = {isa = PBXFileReference; fileEncoding = 4; lastKnownFileType = sourcecode.swift; path = ScoreBottomView.swift; sourceTree = "<group>"; };
		528FF60E29A9E13E00C25137 /* MybkMobile.app */ = {isa = PBXFileReference; explicitFileType = wrapper.application; includeInIndex = 0; path = MybkMobile.app; sourceTree = BUILT_PRODUCTS_DIR; };
		528FF61129A9E13E00C25137 /* AppDelegate.swift */ = {isa = PBXFileReference; lastKnownFileType = sourcecode.swift; path = AppDelegate.swift; sourceTree = "<group>"; };
		528FF61A29A9E13F00C25137 /* Assets.xcassets */ = {isa = PBXFileReference; lastKnownFileType = folder.assetcatalog; path = Assets.xcassets; sourceTree = "<group>"; };
		528FF61D29A9E13F00C25137 /* Base */ = {isa = PBXFileReference; lastKnownFileType = file.storyboard; name = Base; path = Base.lproj/LaunchScreen.storyboard; sourceTree = "<group>"; };
		528FF61F29A9E13F00C25137 /* Info.plist */ = {isa = PBXFileReference; lastKnownFileType = text.plist.xml; path = Info.plist; sourceTree = "<group>"; };
		528FF62429A9E13F00C25137 /* MybkMobileTests.xctest */ = {isa = PBXFileReference; explicitFileType = wrapper.cfbundle; includeInIndex = 0; path = MybkMobileTests.xctest; sourceTree = BUILT_PRODUCTS_DIR; };
		528FF62829A9E13F00C25137 /* MybkMobileTests.swift */ = {isa = PBXFileReference; lastKnownFileType = sourcecode.swift; path = MybkMobileTests.swift; sourceTree = "<group>"; };
		528FF62E29A9E14000C25137 /* MybkMobileUITests.xctest */ = {isa = PBXFileReference; explicitFileType = wrapper.cfbundle; includeInIndex = 0; path = MybkMobileUITests.xctest; sourceTree = BUILT_PRODUCTS_DIR; };
		528FF63229A9E14000C25137 /* MybkMobileUITests.swift */ = {isa = PBXFileReference; lastKnownFileType = sourcecode.swift; path = MybkMobileUITests.swift; sourceTree = "<group>"; };
		528FF63429A9E14000C25137 /* MybkMobileUITestsLaunchTests.swift */ = {isa = PBXFileReference; lastKnownFileType = sourcecode.swift; path = MybkMobileUITestsLaunchTests.swift; sourceTree = "<group>"; };
		528FF65029A9EC7C00C25137 /* BottomBarItem.xib */ = {isa = PBXFileReference; lastKnownFileType = file.xib; path = BottomBarItem.xib; sourceTree = "<group>"; };
		528FF65229A9EF8B00C25137 /* BottomBarItem.swift */ = {isa = PBXFileReference; lastKnownFileType = sourcecode.swift; path = BottomBarItem.swift; sourceTree = "<group>"; };
		528FF65629A9F11F00C25137 /* Constrain.swift */ = {isa = PBXFileReference; lastKnownFileType = sourcecode.swift; path = Constrain.swift; sourceTree = "<group>"; };
		52A0D00429B46405003B8952 /* MainTabBarController.storyboard */ = {isa = PBXFileReference; fileEncoding = 4; lastKnownFileType = file.storyboard; path = MainTabBarController.storyboard; sourceTree = "<group>"; };
		52A0D00629B46470003B8952 /* ExamViewController.swift */ = {isa = PBXFileReference; lastKnownFileType = sourcecode.swift; path = ExamViewController.swift; sourceTree = "<group>"; };
		52A0D00829B46C60003B8952 /* TranscriptViewController.swift */ = {isa = PBXFileReference; lastKnownFileType = sourcecode.swift; path = TranscriptViewController.swift; sourceTree = "<group>"; };
		52A0D00A29B47002003B8952 /* ProfileViewController.swift */ = {isa = PBXFileReference; lastKnownFileType = sourcecode.swift; path = ProfileViewController.swift; sourceTree = "<group>"; };
		52A0D00C29B48E5C003B8952 /* MainTabBarController.swift */ = {isa = PBXFileReference; lastKnownFileType = sourcecode.swift; path = MainTabBarController.swift; sourceTree = "<group>"; };
		52C9A25A29AA19B700F2B8C1 /* LearnScheduleBottomView.xib */ = {isa = PBXFileReference; lastKnownFileType = file.xib; path = LearnScheduleBottomView.xib; sourceTree = "<group>"; };
		52C9A25C29AA3DA700F2B8C1 /* LearnScheduleBottomView.swift */ = {isa = PBXFileReference; lastKnownFileType = sourcecode.swift; path = LearnScheduleBottomView.swift; sourceTree = "<group>"; };
		52C9A25E29AA434D00F2B8C1 /* UIView.swift */ = {isa = PBXFileReference; lastKnownFileType = sourcecode.swift; path = UIView.swift; sourceTree = "<group>"; };
		52C9A26029AA43D600F2B8C1 /* UICollectionView.swift */ = {isa = PBXFileReference; lastKnownFileType = sourcecode.swift; path = UICollectionView.swift; sourceTree = "<group>"; };
		52C9A26229AA480C00F2B8C1 /* SubjectCellModel.swift */ = {isa = PBXFileReference; lastKnownFileType = sourcecode.swift; path = SubjectCellModel.swift; sourceTree = "<group>"; };
		52C9A26529AA559400F2B8C1 /* DotCell.swift */ = {isa = PBXFileReference; lastKnownFileType = sourcecode.swift; path = DotCell.swift; sourceTree = "<group>"; };
		52C9A26629AA559400F2B8C1 /* DotCell.xib */ = {isa = PBXFileReference; lastKnownFileType = file.xib; path = DotCell.xib; sourceTree = "<group>"; };
		52C9A26929AA55AC00F2B8C1 /* NumberCell.swift */ = {isa = PBXFileReference; lastKnownFileType = sourcecode.swift; path = NumberCell.swift; sourceTree = "<group>"; };
		52C9A26A29AA55AC00F2B8C1 /* NumberCell.xib */ = {isa = PBXFileReference; lastKnownFileType = file.xib; path = NumberCell.xib; sourceTree = "<group>"; };
		52C9A26D29AA561000F2B8C1 /* CustomToggle.swift */ = {isa = PBXFileReference; lastKnownFileType = sourcecode.swift; path = CustomToggle.swift; sourceTree = "<group>"; };
		52C9A26F29AA567300F2B8C1 /* CustomThumbView.swift */ = {isa = PBXFileReference; lastKnownFileType = sourcecode.swift; path = CustomThumbView.swift; sourceTree = "<group>"; };
		52C9A27129AACD2700F2B8C1 /* InfoDetailCell.swift */ = {isa = PBXFileReference; lastKnownFileType = sourcecode.swift; path = InfoDetailCell.swift; sourceTree = "<group>"; };
		52C9A27229AACD2700F2B8C1 /* InfoDetailCell.xib */ = {isa = PBXFileReference; lastKnownFileType = file.xib; path = InfoDetailCell.xib; sourceTree = "<group>"; };
		52C9A27529AACDF900F2B8C1 /* CustomTextField.swift */ = {isa = PBXFileReference; lastKnownFileType = sourcecode.swift; path = CustomTextField.swift; sourceTree = "<group>"; };
		52ED1A9929B37E3700DC1429 /* SpecialScoreCell.swift */ = {isa = PBXFileReference; lastKnownFileType = sourcecode.swift; path = SpecialScoreCell.swift; sourceTree = "<group>"; };
		52ED1A9A29B37E3700DC1429 /* SpecialScoreCell.xib */ = {isa = PBXFileReference; lastKnownFileType = file.xib; path = SpecialScoreCell.xib; sourceTree = "<group>"; };
		52ED1A9E29B3803F00DC1429 /* SettingCell.swift */ = {isa = PBXFileReference; lastKnownFileType = sourcecode.swift; path = SettingCell.swift; sourceTree = "<group>"; };
		52ED1A9F29B3803F00DC1429 /* SettingCell.xib */ = {isa = PBXFileReference; lastKnownFileType = file.xib; path = SettingCell.xib; sourceTree = "<group>"; };
		52ED1AA529B3B55800DC1429 /* SceneDelegate.swift */ = {isa = PBXFileReference; fileEncoding = 4; lastKnownFileType = sourcecode.swift; path = SceneDelegate.swift; sourceTree = "<group>"; };
		52ED1AA929B3B6B800DC1429 /* LoginViewController.swift */ = {isa = PBXFileReference; lastKnownFileType = sourcecode.swift; path = LoginViewController.swift; sourceTree = "<group>"; };
		52ED1AAA29B3B6B800DC1429 /* LoginViewController.xib */ = {isa = PBXFileReference; lastKnownFileType = file.xib; path = LoginViewController.xib; sourceTree = "<group>"; };
		52ED1AAD29B3B6ED00DC1429 /* UIViewController.swift */ = {isa = PBXFileReference; lastKnownFileType = sourcecode.swift; path = UIViewController.swift; sourceTree = "<group>"; };
		52F064ED29BA29B500D07D72 /* ScheduleViewModel.swift */ = {isa = PBXFileReference; lastKnownFileType = sourcecode.swift; path = ScheduleViewModel.swift; sourceTree = "<group>"; };
/* End PBXFileReference section */

/* Begin PBXFrameworksBuildPhase section */
		528FF60B29A9E13E00C25137 /* Frameworks */ = {
			isa = PBXFrameworksBuildPhase;
			buildActionMask = 2147483647;
			files = (
			);
			runOnlyForDeploymentPostprocessing = 0;
		};
		528FF62129A9E13F00C25137 /* Frameworks */ = {
			isa = PBXFrameworksBuildPhase;
			buildActionMask = 2147483647;
			files = (
			);
			runOnlyForDeploymentPostprocessing = 0;
		};
		528FF62B29A9E14000C25137 /* Frameworks */ = {
			isa = PBXFrameworksBuildPhase;
			buildActionMask = 2147483647;
			files = (
			);
			runOnlyForDeploymentPostprocessing = 0;
		};
/* End PBXFrameworksBuildPhase section */

/* Begin PBXGroup section */
		5289589E29AA035C0049EE07 /* SubjectCell */ = {
			isa = PBXGroup;
			children = (
				528958A329AA037D0049EE07 /* BottomCellView */,
				528958A029AA036B0049EE07 /* SubjectScheduleCell.swift */,
				5289589F29AA036B0049EE07 /* SubjectScheduleCell.xib */,
			);
			path = SubjectCell;
			sourceTree = "<group>";
		};
		528958A329AA037D0049EE07 /* BottomCellView */ = {
			isa = PBXGroup;
			children = (
				528958A629AA066E0049EE07 /* ScoreBottom */,
				528958A529AA06500049EE07 /* TestScheduleBottom */,
				528958A429AA06450049EE07 /* LearnScheduleBottom */,
			);
			path = BottomCellView;
			sourceTree = "<group>";
		};
		528958A429AA06450049EE07 /* LearnScheduleBottom */ = {
			isa = PBXGroup;
			children = (
				52C9A25A29AA19B700F2B8C1 /* LearnScheduleBottomView.xib */,
				52C9A25C29AA3DA700F2B8C1 /* LearnScheduleBottomView.swift */,
			);
			path = LearnScheduleBottom;
			sourceTree = "<group>";
		};
		528958A529AA06500049EE07 /* TestScheduleBottom */ = {
			isa = PBXGroup;
			children = (
				528958A729AA094E0049EE07 /* TestScheduleBottomView.swift */,
				528958A929AA0A090049EE07 /* TestScheduleBottomView.xib */,
			);
			path = TestScheduleBottom;
			sourceTree = "<group>";
		};
		528958A629AA066E0049EE07 /* ScoreBottom */ = {
			isa = PBXGroup;
			children = (
				528958AF29AA14160049EE07 /* ScoreBottomView.swift */,
				528958AE29AA14160049EE07 /* ScoreBottomView.xib */,
			);
			path = ScoreBottom;
			sourceTree = "<group>";
		};
		528958AC29AA13120049EE07 /* Models */ = {
			isa = PBXGroup;
			children = (
				52C9A26229AA480C00F2B8C1 /* SubjectCellModel.swift */,
			);
			path = Models;
			sourceTree = "<group>";
		};
		528958AD29AA13C00049EE07 /* DotCell */ = {
			isa = PBXGroup;
			children = (
				52C9A26529AA559400F2B8C1 /* DotCell.swift */,
				52C9A26629AA559400F2B8C1 /* DotCell.xib */,
			);
			path = DotCell;
			sourceTree = "<group>";
		};
		528FF60529A9E13E00C25137 = {
			isa = PBXGroup;
			children = (
				528FF64329A9E20000C25137 /* DataObjects */,
				528958AC29AA13120049EE07 /* Models */,
				528FF65529A9F11000C25137 /* Utils */,
				528FF64829A9E2BD00C25137 /* SubUIComponent */,
				528FF64229A9E1F100C25137 /* ViewControllers */,
				528FF64129A9E14800C25137 /* UIComponents */,
				528FF61029A9E13E00C25137 /* MybkMobile */,
				528FF62729A9E13F00C25137 /* MybkMobileTests */,
				528FF63129A9E14000C25137 /* MybkMobileUITests */,
				528FF60F29A9E13E00C25137 /* Products */,
			);
			sourceTree = "<group>";
		};
		528FF60F29A9E13E00C25137 /* Products */ = {
			isa = PBXGroup;
			children = (
				528FF60E29A9E13E00C25137 /* MybkMobile.app */,
				528FF62429A9E13F00C25137 /* MybkMobileTests.xctest */,
				528FF62E29A9E14000C25137 /* MybkMobileUITests.xctest */,
			);
			name = Products;
			sourceTree = "<group>";
		};
		528FF61029A9E13E00C25137 /* MybkMobile */ = {
			isa = PBXGroup;
			children = (
				528FF61129A9E13E00C25137 /* AppDelegate.swift */,
				52ED1AA529B3B55800DC1429 /* SceneDelegate.swift */,
				528FF61A29A9E13F00C25137 /* Assets.xcassets */,
				528FF61C29A9E13F00C25137 /* LaunchScreen.storyboard */,
				528FF61F29A9E13F00C25137 /* Info.plist */,
			);
			path = MybkMobile;
			sourceTree = "<group>";
		};
		528FF62729A9E13F00C25137 /* MybkMobileTests */ = {
			isa = PBXGroup;
			children = (
				528FF62829A9E13F00C25137 /* MybkMobileTests.swift */,
			);
			path = MybkMobileTests;
			sourceTree = "<group>";
		};
		528FF63129A9E14000C25137 /* MybkMobileUITests */ = {
			isa = PBXGroup;
			children = (
				528FF63229A9E14000C25137 /* MybkMobileUITests.swift */,
				528FF63429A9E14000C25137 /* MybkMobileUITestsLaunchTests.swift */,
			);
			path = MybkMobileUITests;
			sourceTree = "<group>";
		};
		528FF64129A9E14800C25137 /* UIComponents */ = {
			isa = PBXGroup;
			children = (
				52ED1A9D29B3800000DC1429 /* SettingCell */,
				52ED1A9829B37E1D00DC1429 /* SpecialScoreCell */,
				52C9A26429AA54EF00F2B8C1 /* CurrentWeekView */,
				5289589E29AA035C0049EE07 /* SubjectCell */,
				528FF64F29A9E58E00C25137 /* BottomBarItem */,
				528FF64929A9E2F400C25137 /* InfoDetailCell */,
			);
			path = UIComponents;
			sourceTree = "<group>";
		};
		528FF64229A9E1F100C25137 /* ViewControllers */ = {
			isa = PBXGroup;
			children = (
				52ED1AA829B3B66300DC1429 /* TabViewControllers */,
				52ED1AA729B3B65600DC1429 /* LoginViewController */,
			);
			path = ViewControllers;
			sourceTree = "<group>";
		};
		528FF64329A9E20000C25137 /* DataObjects */ = {
			isa = PBXGroup;
			children = (
			);
			path = DataObjects;
			sourceTree = "<group>";
		};
		528FF64429A9E24C00C25137 /* TextField */ = {
			isa = PBXGroup;
			children = (
				52C9A27529AACDF900F2B8C1 /* CustomTextField.swift */,
			);
			path = TextField;
			sourceTree = "<group>";
		};
		528FF64529A9E27300C25137 /* Toggle */ = {
			isa = PBXGroup;
			children = (
				52C9A26D29AA561000F2B8C1 /* CustomToggle.swift */,
				52C9A26F29AA567300F2B8C1 /* CustomThumbView.swift */,
			);
			path = Toggle;
			sourceTree = "<group>";
		};
		528FF64829A9E2BD00C25137 /* SubUIComponent */ = {
			isa = PBXGroup;
			children = (
				528958AD29AA13C00049EE07 /* DotCell */,
				528FF64E29A9E57C00C25137 /* NumberCell */,
				528FF64529A9E27300C25137 /* Toggle */,
				528FF64429A9E24C00C25137 /* TextField */,
			);
			path = SubUIComponent;
			sourceTree = "<group>";
		};
		528FF64929A9E2F400C25137 /* InfoDetailCell */ = {
			isa = PBXGroup;
			children = (
				52C9A27129AACD2700F2B8C1 /* InfoDetailCell.swift */,
				52C9A27229AACD2700F2B8C1 /* InfoDetailCell.xib */,
			);
			path = InfoDetailCell;
			sourceTree = "<group>";
		};
		528FF64E29A9E57C00C25137 /* NumberCell */ = {
			isa = PBXGroup;
			children = (
				52C9A26929AA55AC00F2B8C1 /* NumberCell.swift */,
				52C9A26A29AA55AC00F2B8C1 /* NumberCell.xib */,
			);
			path = NumberCell;
			sourceTree = "<group>";
		};
		528FF64F29A9E58E00C25137 /* BottomBarItem */ = {
			isa = PBXGroup;
			children = (
				528FF65029A9EC7C00C25137 /* BottomBarItem.xib */,
				528FF65229A9EF8B00C25137 /* BottomBarItem.swift */,
			);
			path = BottomBarItem;
			sourceTree = "<group>";
		};
		528FF65529A9F11000C25137 /* Utils */ = {
			isa = PBXGroup;
			children = (
				528FF65629A9F11F00C25137 /* Constrain.swift */,
				52C9A25E29AA434D00F2B8C1 /* UIView.swift */,
				52C9A26029AA43D600F2B8C1 /* UICollectionView.swift */,
				52ED1AAD29B3B6ED00DC1429 /* UIViewController.swift */,
				52373E9D29B795CB00AA4383 /* UIColor.swift */,
				52373E9F29B79CA700AA4383 /* CustomButton.swift */,
			);
			path = Utils;
			sourceTree = "<group>";
		};
		529A2B2629B953DC004631C5 /* ScheduleView */ = {
			isa = PBXGroup;
			children = (
				5214923229B4370000A7522B /* ScheduleViewController.swift */,
				52F064ED29BA29B500D07D72 /* ScheduleViewModel.swift */,
			);
			path = ScheduleView;
			sourceTree = "<group>";
		};
		52C9A26429AA54EF00F2B8C1 /* CurrentWeekView */ = {
			isa = PBXGroup;
			children = (
			);
			path = CurrentWeekView;
			sourceTree = "<group>";
		};
		52ED1A9829B37E1D00DC1429 /* SpecialScoreCell */ = {
			isa = PBXGroup;
			children = (
				52ED1A9929B37E3700DC1429 /* SpecialScoreCell.swift */,
				52ED1A9A29B37E3700DC1429 /* SpecialScoreCell.xib */,
			);
			path = SpecialScoreCell;
			sourceTree = "<group>";
		};
		52ED1A9D29B3800000DC1429 /* SettingCell */ = {
			isa = PBXGroup;
			children = (
				52ED1A9E29B3803F00DC1429 /* SettingCell.swift */,
				52ED1A9F29B3803F00DC1429 /* SettingCell.xib */,
			);
			path = SettingCell;
			sourceTree = "<group>";
		};
		52ED1AA729B3B65600DC1429 /* LoginViewController */ = {
			isa = PBXGroup;
			children = (
				52ED1AA929B3B6B800DC1429 /* LoginViewController.swift */,
				52ED1AAA29B3B6B800DC1429 /* LoginViewController.xib */,
			);
			path = LoginViewController;
			sourceTree = "<group>";
		};
		52ED1AA829B3B66300DC1429 /* TabViewControllers */ = {
			isa = PBXGroup;
			children = (
				529A2B2629B953DC004631C5 /* ScheduleView */,
				52A0D00429B46405003B8952 /* MainTabBarController.storyboard */,
				52A0D00629B46470003B8952 /* ExamViewController.swift */,
				52A0D00829B46C60003B8952 /* TranscriptViewController.swift */,
				52A0D00A29B47002003B8952 /* ProfileViewController.swift */,
				52A0D00C29B48E5C003B8952 /* MainTabBarController.swift */,
			);
			path = TabViewControllers;
			sourceTree = "<group>";
		};
/* End PBXGroup section */

/* Begin PBXNativeTarget section */
		528FF60D29A9E13E00C25137 /* MybkMobile */ = {
			isa = PBXNativeTarget;
			buildConfigurationList = 528FF63829A9E14000C25137 /* Build configuration list for PBXNativeTarget "MybkMobile" */;
			buildPhases = (
				528FF60A29A9E13E00C25137 /* Sources */,
				528FF60B29A9E13E00C25137 /* Frameworks */,
				528FF60C29A9E13E00C25137 /* Resources */,
			);
			buildRules = (
			);
			dependencies = (
			);
			name = MybkMobile;
			productName = MybkMobile;
			productReference = 528FF60E29A9E13E00C25137 /* MybkMobile.app */;
			productType = "com.apple.product-type.application";
		};
		528FF62329A9E13F00C25137 /* MybkMobileTests */ = {
			isa = PBXNativeTarget;
			buildConfigurationList = 528FF63B29A9E14000C25137 /* Build configuration list for PBXNativeTarget "MybkMobileTests" */;
			buildPhases = (
				528FF62029A9E13F00C25137 /* Sources */,
				528FF62129A9E13F00C25137 /* Frameworks */,
				528FF62229A9E13F00C25137 /* Resources */,
			);
			buildRules = (
			);
			dependencies = (
				528FF62629A9E13F00C25137 /* PBXTargetDependency */,
			);
			name = MybkMobileTests;
			productName = MybkMobileTests;
			productReference = 528FF62429A9E13F00C25137 /* MybkMobileTests.xctest */;
			productType = "com.apple.product-type.bundle.unit-test";
		};
		528FF62D29A9E14000C25137 /* MybkMobileUITests */ = {
			isa = PBXNativeTarget;
			buildConfigurationList = 528FF63E29A9E14000C25137 /* Build configuration list for PBXNativeTarget "MybkMobileUITests" */;
			buildPhases = (
				528FF62A29A9E14000C25137 /* Sources */,
				528FF62B29A9E14000C25137 /* Frameworks */,
				528FF62C29A9E14000C25137 /* Resources */,
			);
			buildRules = (
			);
			dependencies = (
				528FF63029A9E14000C25137 /* PBXTargetDependency */,
			);
			name = MybkMobileUITests;
			productName = MybkMobileUITests;
			productReference = 528FF62E29A9E14000C25137 /* MybkMobileUITests.xctest */;
			productType = "com.apple.product-type.bundle.ui-testing";
		};
/* End PBXNativeTarget section */

/* Begin PBXProject section */
		528FF60629A9E13E00C25137 /* Project object */ = {
			isa = PBXProject;
			attributes = {
				BuildIndependentTargetsInParallel = 1;
				LastSwiftUpdateCheck = 1420;
				LastUpgradeCheck = 1420;
				TargetAttributes = {
					528FF60D29A9E13E00C25137 = {
						CreatedOnToolsVersion = 14.2;
					};
					528FF62329A9E13F00C25137 = {
						CreatedOnToolsVersion = 14.2;
						TestTargetID = 528FF60D29A9E13E00C25137;
					};
					528FF62D29A9E14000C25137 = {
						CreatedOnToolsVersion = 14.2;
						TestTargetID = 528FF60D29A9E13E00C25137;
					};
				};
			};
			buildConfigurationList = 528FF60929A9E13E00C25137 /* Build configuration list for PBXProject "MybkMobile" */;
			compatibilityVersion = "Xcode 14.0";
			developmentRegion = en;
			hasScannedForEncodings = 0;
			knownRegions = (
				en,
				Base,
			);
			mainGroup = 528FF60529A9E13E00C25137;
			productRefGroup = 528FF60F29A9E13E00C25137 /* Products */;
			projectDirPath = "";
			projectRoot = "";
			targets = (
				528FF60D29A9E13E00C25137 /* MybkMobile */,
				528FF62329A9E13F00C25137 /* MybkMobileTests */,
				528FF62D29A9E14000C25137 /* MybkMobileUITests */,
			);
		};
/* End PBXProject section */

/* Begin PBXResourcesBuildPhase section */
		528FF60C29A9E13E00C25137 /* Resources */ = {
			isa = PBXResourcesBuildPhase;
			buildActionMask = 2147483647;
			files = (
				52C9A26C29AA55AC00F2B8C1 /* NumberCell.xib in Resources */,
				528958AA29AA0A090049EE07 /* TestScheduleBottomView.xib in Resources */,
				52ED1A9C29B37E3700DC1429 /* SpecialScoreCell.xib in Resources */,
				528958B029AA14160049EE07 /* ScoreBottomView.xib in Resources */,
				52C9A26829AA559400F2B8C1 /* DotCell.xib in Resources */,
				528958A129AA036B0049EE07 /* SubjectScheduleCell.xib in Resources */,
				52A0D00529B46405003B8952 /* MainTabBarController.storyboard in Resources */,
				52C9A27429AACD2700F2B8C1 /* InfoDetailCell.xib in Resources */,
				52C9A25B29AA19B700F2B8C1 /* LearnScheduleBottomView.xib in Resources */,
				528FF61E29A9E13F00C25137 /* LaunchScreen.storyboard in Resources */,
				52ED1AAC29B3B6B800DC1429 /* LoginViewController.xib in Resources */,
				528FF61B29A9E13F00C25137 /* Assets.xcassets in Resources */,
				52ED1AA129B3803F00DC1429 /* SettingCell.xib in Resources */,
				528FF65129A9EC7C00C25137 /* BottomBarItem.xib in Resources */,
			);
			runOnlyForDeploymentPostprocessing = 0;
		};
		528FF62229A9E13F00C25137 /* Resources */ = {
			isa = PBXResourcesBuildPhase;
			buildActionMask = 2147483647;
			files = (
			);
			runOnlyForDeploymentPostprocessing = 0;
		};
		528FF62C29A9E14000C25137 /* Resources */ = {
			isa = PBXResourcesBuildPhase;
			buildActionMask = 2147483647;
			files = (
			);
			runOnlyForDeploymentPostprocessing = 0;
		};
/* End PBXResourcesBuildPhase section */

/* Begin PBXSourcesBuildPhase section */
		528FF60A29A9E13E00C25137 /* Sources */ = {
			isa = PBXSourcesBuildPhase;
			buildActionMask = 2147483647;
			files = (
				52ED1AAB29B3B6B800DC1429 /* LoginViewController.swift in Sources */,
				52C9A25F29AA434D00F2B8C1 /* UIView.swift in Sources */,
				52ED1A9B29B37E3700DC1429 /* SpecialScoreCell.swift in Sources */,
				528FF61229A9E13E00C25137 /* AppDelegate.swift in Sources */,
				52373EA029B79CA700AA4383 /* CustomButton.swift in Sources */,
				52C9A27329AACD2700F2B8C1 /* InfoDetailCell.swift in Sources */,
				52C9A26729AA559400F2B8C1 /* DotCell.swift in Sources */,
				52C9A26329AA480C00F2B8C1 /* SubjectCellModel.swift in Sources */,
				52F064EE29BA29B500D07D72 /* ScheduleViewModel.swift in Sources */,
				52C9A27029AA567300F2B8C1 /* CustomThumbView.swift in Sources */,
				52C9A27629AACDF900F2B8C1 /* CustomTextField.swift in Sources */,
				5214923429B4370000A7522B /* ScheduleViewController.swift in Sources */,
				52A0D00929B46C60003B8952 /* TranscriptViewController.swift in Sources */,
				52C9A26B29AA55AC00F2B8C1 /* NumberCell.swift in Sources */,
				528958A829AA094E0049EE07 /* TestScheduleBottomView.swift in Sources */,
				528FF65729A9F11F00C25137 /* Constrain.swift in Sources */,
				528958B129AA14160049EE07 /* ScoreBottomView.swift in Sources */,
				52ED1AAE29B3B6ED00DC1429 /* UIViewController.swift in Sources */,
				52A0D00B29B47002003B8952 /* ProfileViewController.swift in Sources */,
				528FF65329A9EF8B00C25137 /* BottomBarItem.swift in Sources */,
				52C9A25D29AA3DA700F2B8C1 /* LearnScheduleBottomView.swift in Sources */,
				52ED1AA629B3B55800DC1429 /* SceneDelegate.swift in Sources */,
				52A0D00D29B48E5C003B8952 /* MainTabBarController.swift in Sources */,
				52C9A26E29AA561000F2B8C1 /* CustomToggle.swift in Sources */,
				52373E9E29B795CB00AA4383 /* UIColor.swift in Sources */,
				52C9A26129AA43D600F2B8C1 /* UICollectionView.swift in Sources */,
				52ED1AA029B3803F00DC1429 /* SettingCell.swift in Sources */,
				528958A229AA036B0049EE07 /* SubjectScheduleCell.swift in Sources */,
				52A0D00729B46470003B8952 /* ExamViewController.swift in Sources */,
			);
			runOnlyForDeploymentPostprocessing = 0;
		};
		528FF62029A9E13F00C25137 /* Sources */ = {
			isa = PBXSourcesBuildPhase;
			buildActionMask = 2147483647;
			files = (
				528FF62929A9E13F00C25137 /* MybkMobileTests.swift in Sources */,
			);
			runOnlyForDeploymentPostprocessing = 0;
		};
		528FF62A29A9E14000C25137 /* Sources */ = {
			isa = PBXSourcesBuildPhase;
			buildActionMask = 2147483647;
			files = (
				528FF63329A9E14000C25137 /* MybkMobileUITests.swift in Sources */,
				528FF63529A9E14000C25137 /* MybkMobileUITestsLaunchTests.swift in Sources */,
			);
			runOnlyForDeploymentPostprocessing = 0;
		};
/* End PBXSourcesBuildPhase section */

/* Begin PBXTargetDependency section */
		528FF62629A9E13F00C25137 /* PBXTargetDependency */ = {
			isa = PBXTargetDependency;
			target = 528FF60D29A9E13E00C25137 /* MybkMobile */;
			targetProxy = 528FF62529A9E13F00C25137 /* PBXContainerItemProxy */;
		};
		528FF63029A9E14000C25137 /* PBXTargetDependency */ = {
			isa = PBXTargetDependency;
			target = 528FF60D29A9E13E00C25137 /* MybkMobile */;
			targetProxy = 528FF62F29A9E14000C25137 /* PBXContainerItemProxy */;
		};
/* End PBXTargetDependency section */

/* Begin PBXVariantGroup section */
		528FF61C29A9E13F00C25137 /* LaunchScreen.storyboard */ = {
			isa = PBXVariantGroup;
			children = (
				528FF61D29A9E13F00C25137 /* Base */,
			);
			name = LaunchScreen.storyboard;
			sourceTree = "<group>";
		};
/* End PBXVariantGroup section */

/* Begin XCBuildConfiguration section */
		528FF63629A9E14000C25137 /* Debug */ = {
			isa = XCBuildConfiguration;
			buildSettings = {
				ALWAYS_SEARCH_USER_PATHS = NO;
				CLANG_ANALYZER_NONNULL = YES;
				CLANG_ANALYZER_NUMBER_OBJECT_CONVERSION = YES_AGGRESSIVE;
				CLANG_CXX_LANGUAGE_STANDARD = "gnu++20";
				CLANG_ENABLE_MODULES = YES;
				CLANG_ENABLE_OBJC_ARC = YES;
				CLANG_ENABLE_OBJC_WEAK = YES;
				CLANG_WARN_BLOCK_CAPTURE_AUTORELEASING = YES;
				CLANG_WARN_BOOL_CONVERSION = YES;
				CLANG_WARN_COMMA = YES;
				CLANG_WARN_CONSTANT_CONVERSION = YES;
				CLANG_WARN_DEPRECATED_OBJC_IMPLEMENTATIONS = YES;
				CLANG_WARN_DIRECT_OBJC_ISA_USAGE = YES_ERROR;
				CLANG_WARN_DOCUMENTATION_COMMENTS = YES;
				CLANG_WARN_EMPTY_BODY = YES;
				CLANG_WARN_ENUM_CONVERSION = YES;
				CLANG_WARN_INFINITE_RECURSION = YES;
				CLANG_WARN_INT_CONVERSION = YES;
				CLANG_WARN_NON_LITERAL_NULL_CONVERSION = YES;
				CLANG_WARN_OBJC_IMPLICIT_RETAIN_SELF = YES;
				CLANG_WARN_OBJC_LITERAL_CONVERSION = YES;
				CLANG_WARN_OBJC_ROOT_CLASS = YES_ERROR;
				CLANG_WARN_QUOTED_INCLUDE_IN_FRAMEWORK_HEADER = YES;
				CLANG_WARN_RANGE_LOOP_ANALYSIS = YES;
				CLANG_WARN_STRICT_PROTOTYPES = YES;
				CLANG_WARN_SUSPICIOUS_MOVE = YES;
				CLANG_WARN_UNGUARDED_AVAILABILITY = YES_AGGRESSIVE;
				CLANG_WARN_UNREACHABLE_CODE = YES;
				CLANG_WARN__DUPLICATE_METHOD_MATCH = YES;
				COPY_PHASE_STRIP = NO;
				DEBUG_INFORMATION_FORMAT = dwarf;
				ENABLE_STRICT_OBJC_MSGSEND = YES;
				ENABLE_TESTABILITY = YES;
				GCC_C_LANGUAGE_STANDARD = gnu11;
				GCC_DYNAMIC_NO_PIC = NO;
				GCC_NO_COMMON_BLOCKS = YES;
				GCC_OPTIMIZATION_LEVEL = 0;
				GCC_PREPROCESSOR_DEFINITIONS = (
					"DEBUG=1",
					"$(inherited)",
				);
				GCC_WARN_64_TO_32_BIT_CONVERSION = YES;
				GCC_WARN_ABOUT_RETURN_TYPE = YES_ERROR;
				GCC_WARN_UNDECLARED_SELECTOR = YES;
				GCC_WARN_UNINITIALIZED_AUTOS = YES_AGGRESSIVE;
				GCC_WARN_UNUSED_FUNCTION = YES;
				GCC_WARN_UNUSED_VARIABLE = YES;
				IPHONEOS_DEPLOYMENT_TARGET = 12.0;
				MTL_ENABLE_DEBUG_INFO = INCLUDE_SOURCE;
				MTL_FAST_MATH = YES;
				ONLY_ACTIVE_ARCH = YES;
				SDKROOT = iphoneos;
				SWIFT_ACTIVE_COMPILATION_CONDITIONS = DEBUG;
				SWIFT_OPTIMIZATION_LEVEL = "-Onone";
			};
			name = Debug;
		};
		528FF63729A9E14000C25137 /* Release */ = {
			isa = XCBuildConfiguration;
			buildSettings = {
				ALWAYS_SEARCH_USER_PATHS = NO;
				CLANG_ANALYZER_NONNULL = YES;
				CLANG_ANALYZER_NUMBER_OBJECT_CONVERSION = YES_AGGRESSIVE;
				CLANG_CXX_LANGUAGE_STANDARD = "gnu++20";
				CLANG_ENABLE_MODULES = YES;
				CLANG_ENABLE_OBJC_ARC = YES;
				CLANG_ENABLE_OBJC_WEAK = YES;
				CLANG_WARN_BLOCK_CAPTURE_AUTORELEASING = YES;
				CLANG_WARN_BOOL_CONVERSION = YES;
				CLANG_WARN_COMMA = YES;
				CLANG_WARN_CONSTANT_CONVERSION = YES;
				CLANG_WARN_DEPRECATED_OBJC_IMPLEMENTATIONS = YES;
				CLANG_WARN_DIRECT_OBJC_ISA_USAGE = YES_ERROR;
				CLANG_WARN_DOCUMENTATION_COMMENTS = YES;
				CLANG_WARN_EMPTY_BODY = YES;
				CLANG_WARN_ENUM_CONVERSION = YES;
				CLANG_WARN_INFINITE_RECURSION = YES;
				CLANG_WARN_INT_CONVERSION = YES;
				CLANG_WARN_NON_LITERAL_NULL_CONVERSION = YES;
				CLANG_WARN_OBJC_IMPLICIT_RETAIN_SELF = YES;
				CLANG_WARN_OBJC_LITERAL_CONVERSION = YES;
				CLANG_WARN_OBJC_ROOT_CLASS = YES_ERROR;
				CLANG_WARN_QUOTED_INCLUDE_IN_FRAMEWORK_HEADER = YES;
				CLANG_WARN_RANGE_LOOP_ANALYSIS = YES;
				CLANG_WARN_STRICT_PROTOTYPES = YES;
				CLANG_WARN_SUSPICIOUS_MOVE = YES;
				CLANG_WARN_UNGUARDED_AVAILABILITY = YES_AGGRESSIVE;
				CLANG_WARN_UNREACHABLE_CODE = YES;
				CLANG_WARN__DUPLICATE_METHOD_MATCH = YES;
				COPY_PHASE_STRIP = NO;
				DEBUG_INFORMATION_FORMAT = "dwarf-with-dsym";
				ENABLE_NS_ASSERTIONS = NO;
				ENABLE_STRICT_OBJC_MSGSEND = YES;
				GCC_C_LANGUAGE_STANDARD = gnu11;
				GCC_NO_COMMON_BLOCKS = YES;
				GCC_WARN_64_TO_32_BIT_CONVERSION = YES;
				GCC_WARN_ABOUT_RETURN_TYPE = YES_ERROR;
				GCC_WARN_UNDECLARED_SELECTOR = YES;
				GCC_WARN_UNINITIALIZED_AUTOS = YES_AGGRESSIVE;
				GCC_WARN_UNUSED_FUNCTION = YES;
				GCC_WARN_UNUSED_VARIABLE = YES;
				IPHONEOS_DEPLOYMENT_TARGET = 12.0;
				MTL_ENABLE_DEBUG_INFO = NO;
				MTL_FAST_MATH = YES;
				SDKROOT = iphoneos;
				SWIFT_COMPILATION_MODE = wholemodule;
				SWIFT_OPTIMIZATION_LEVEL = "-O";
				VALIDATE_PRODUCT = YES;
			};
			name = Release;
		};
		528FF63929A9E14000C25137 /* Debug */ = {
			isa = XCBuildConfiguration;
			buildSettings = {
				ASSETCATALOG_COMPILER_APPICON_NAME = AppIcon;
				ASSETCATALOG_COMPILER_GLOBAL_ACCENT_COLOR_NAME = AccentColor;
				CODE_SIGN_STYLE = Automatic;
				CURRENT_PROJECT_VERSION = 1;
				DEVELOPMENT_TEAM = M494F4824Q;
				GENERATE_INFOPLIST_FILE = YES;
				INFOPLIST_FILE = MybkMobile/Info.plist;
				INFOPLIST_KEY_CFBundleDisplayName = MyBKMobile;
				INFOPLIST_KEY_LSApplicationCategoryType = "public.app-category.education";
				INFOPLIST_KEY_UIApplicationSupportsIndirectInputEvents = YES;
				INFOPLIST_KEY_UILaunchStoryboardName = LaunchScreen;
				INFOPLIST_KEY_UIMainStoryboardFile = "";
				INFOPLIST_KEY_UISupportedInterfaceOrientations_iPad = "UIInterfaceOrientationPortrait UIInterfaceOrientationPortraitUpsideDown UIInterfaceOrientationLandscapeLeft UIInterfaceOrientationLandscapeRight";
				INFOPLIST_KEY_UISupportedInterfaceOrientations_iPhone = "UIInterfaceOrientationPortrait UIInterfaceOrientationLandscapeLeft UIInterfaceOrientationLandscapeRight";
				LD_RUNPATH_SEARCH_PATHS = (
					"$(inherited)",
					"@executable_path/Frameworks",
				);
				MARKETING_VERSION = 1.0;
				PRODUCT_BUNDLE_IDENTIFIER = ductran.MybkMobile;
				PRODUCT_NAME = "$(TARGET_NAME)";
				SWIFT_EMIT_LOC_STRINGS = YES;
				SWIFT_VERSION = 5.0;
				TARGETED_DEVICE_FAMILY = "1,2";
			};
			name = Debug;
		};
		528FF63A29A9E14000C25137 /* Release */ = {
			isa = XCBuildConfiguration;
			buildSettings = {
				ASSETCATALOG_COMPILER_APPICON_NAME = AppIcon;
				ASSETCATALOG_COMPILER_GLOBAL_ACCENT_COLOR_NAME = AccentColor;
				CODE_SIGN_STYLE = Automatic;
				CURRENT_PROJECT_VERSION = 1;
				DEVELOPMENT_TEAM = M494F4824Q;
				GENERATE_INFOPLIST_FILE = YES;
				INFOPLIST_FILE = MybkMobile/Info.plist;
				INFOPLIST_KEY_CFBundleDisplayName = MyBKMobile;
				INFOPLIST_KEY_LSApplicationCategoryType = "public.app-category.education";
				INFOPLIST_KEY_UIApplicationSupportsIndirectInputEvents = YES;
				INFOPLIST_KEY_UILaunchStoryboardName = LaunchScreen;
				INFOPLIST_KEY_UIMainStoryboardFile = "";
				INFOPLIST_KEY_UISupportedInterfaceOrientations_iPad = "UIInterfaceOrientationPortrait UIInterfaceOrientationPortraitUpsideDown UIInterfaceOrientationLandscapeLeft UIInterfaceOrientationLandscapeRight";
				INFOPLIST_KEY_UISupportedInterfaceOrientations_iPhone = "UIInterfaceOrientationPortrait UIInterfaceOrientationLandscapeLeft UIInterfaceOrientationLandscapeRight";
				LD_RUNPATH_SEARCH_PATHS = (
					"$(inherited)",
					"@executable_path/Frameworks",
				);
				MARKETING_VERSION = 1.0;
				PRODUCT_BUNDLE_IDENTIFIER = ductran.MybkMobile;
				PRODUCT_NAME = "$(TARGET_NAME)";
				SWIFT_EMIT_LOC_STRINGS = YES;
				SWIFT_VERSION = 5.0;
				TARGETED_DEVICE_FAMILY = "1,2";
			};
			name = Release;
		};
		528FF63C29A9E14000C25137 /* Debug */ = {
			isa = XCBuildConfiguration;
			buildSettings = {
				ALWAYS_EMBED_SWIFT_STANDARD_LIBRARIES = YES;
				BUNDLE_LOADER = "$(TEST_HOST)";
				CODE_SIGN_STYLE = Automatic;
				CURRENT_PROJECT_VERSION = 1;
				DEVELOPMENT_TEAM = M494F4824Q;
				GENERATE_INFOPLIST_FILE = YES;
				IPHONEOS_DEPLOYMENT_TARGET = 16.2;
				MARKETING_VERSION = 1.0;
				PRODUCT_BUNDLE_IDENTIFIER = ductran.MybkMobileTests;
				PRODUCT_NAME = "$(TARGET_NAME)";
				SWIFT_EMIT_LOC_STRINGS = NO;
				SWIFT_VERSION = 5.0;
				TARGETED_DEVICE_FAMILY = "1,2";
				TEST_HOST = "$(BUILT_PRODUCTS_DIR)/MybkMobile.app/$(BUNDLE_EXECUTABLE_FOLDER_PATH)/MybkMobile";
			};
			name = Debug;
		};
		528FF63D29A9E14000C25137 /* Release */ = {
			isa = XCBuildConfiguration;
			buildSettings = {
				ALWAYS_EMBED_SWIFT_STANDARD_LIBRARIES = YES;
				BUNDLE_LOADER = "$(TEST_HOST)";
				CODE_SIGN_STYLE = Automatic;
				CURRENT_PROJECT_VERSION = 1;
				DEVELOPMENT_TEAM = M494F4824Q;
				GENERATE_INFOPLIST_FILE = YES;
				IPHONEOS_DEPLOYMENT_TARGET = 16.2;
				MARKETING_VERSION = 1.0;
				PRODUCT_BUNDLE_IDENTIFIER = ductran.MybkMobileTests;
				PRODUCT_NAME = "$(TARGET_NAME)";
				SWIFT_EMIT_LOC_STRINGS = NO;
				SWIFT_VERSION = 5.0;
				TARGETED_DEVICE_FAMILY = "1,2";
				TEST_HOST = "$(BUILT_PRODUCTS_DIR)/MybkMobile.app/$(BUNDLE_EXECUTABLE_FOLDER_PATH)/MybkMobile";
			};
			name = Release;
		};
		528FF63F29A9E14000C25137 /* Debug */ = {
			isa = XCBuildConfiguration;
			buildSettings = {
				ALWAYS_EMBED_SWIFT_STANDARD_LIBRARIES = YES;
				CODE_SIGN_STYLE = Automatic;
				CURRENT_PROJECT_VERSION = 1;
				DEVELOPMENT_TEAM = M494F4824Q;
				GENERATE_INFOPLIST_FILE = YES;
				MARKETING_VERSION = 1.0;
				PRODUCT_BUNDLE_IDENTIFIER = ductran.MybkMobileUITests;
				PRODUCT_NAME = "$(TARGET_NAME)";
				SWIFT_EMIT_LOC_STRINGS = NO;
				SWIFT_VERSION = 5.0;
				TARGETED_DEVICE_FAMILY = "1,2";
				TEST_TARGET_NAME = MybkMobile;
			};
			name = Debug;
		};
		528FF64029A9E14000C25137 /* Release */ = {
			isa = XCBuildConfiguration;
			buildSettings = {
				ALWAYS_EMBED_SWIFT_STANDARD_LIBRARIES = YES;
				CODE_SIGN_STYLE = Automatic;
				CURRENT_PROJECT_VERSION = 1;
				DEVELOPMENT_TEAM = M494F4824Q;
				GENERATE_INFOPLIST_FILE = YES;
				MARKETING_VERSION = 1.0;
				PRODUCT_BUNDLE_IDENTIFIER = ductran.MybkMobileUITests;
				PRODUCT_NAME = "$(TARGET_NAME)";
				SWIFT_EMIT_LOC_STRINGS = NO;
				SWIFT_VERSION = 5.0;
				TARGETED_DEVICE_FAMILY = "1,2";
				TEST_TARGET_NAME = MybkMobile;
			};
			name = Release;
		};
/* End XCBuildConfiguration section */

/* Begin XCConfigurationList section */
		528FF60929A9E13E00C25137 /* Build configuration list for PBXProject "MybkMobile" */ = {
			isa = XCConfigurationList;
			buildConfigurations = (
				528FF63629A9E14000C25137 /* Debug */,
				528FF63729A9E14000C25137 /* Release */,
			);
			defaultConfigurationIsVisible = 0;
			defaultConfigurationName = Release;
		};
		528FF63829A9E14000C25137 /* Build configuration list for PBXNativeTarget "MybkMobile" */ = {
			isa = XCConfigurationList;
			buildConfigurations = (
				528FF63929A9E14000C25137 /* Debug */,
				528FF63A29A9E14000C25137 /* Release */,
			);
			defaultConfigurationIsVisible = 0;
			defaultConfigurationName = Release;
		};
		528FF63B29A9E14000C25137 /* Build configuration list for PBXNativeTarget "MybkMobileTests" */ = {
			isa = XCConfigurationList;
			buildConfigurations = (
				528FF63C29A9E14000C25137 /* Debug */,
				528FF63D29A9E14000C25137 /* Release */,
			);
			defaultConfigurationIsVisible = 0;
			defaultConfigurationName = Release;
		};
		528FF63E29A9E14000C25137 /* Build configuration list for PBXNativeTarget "MybkMobileUITests" */ = {
			isa = XCConfigurationList;
			buildConfigurations = (
				528FF63F29A9E14000C25137 /* Debug */,
				528FF64029A9E14000C25137 /* Release */,
			);
			defaultConfigurationIsVisible = 0;
			defaultConfigurationName = Release;
		};
/* End XCConfigurationList section */
	};
	rootObject = 528FF60629A9E13E00C25137 /* Project object */;
}
